
Microsoft Visual Studio Solution File, Format Version 12.00
# Visual Studio 22
Project("{FAE04EC0-301F-11D3-BF4B-00C04F79EFBC}") = "Eden.Shared", "Eden.Shared\Eden.Shared.csproj", "{7D0616BA-EE42-4A43-94A5-BB2ABD14D92C}"
EndProject
Project("{FAE04EC0-301F-11D3-BF4B-00C04F79EFBC}") = "Eden.Shared.Tests", "Eden.Shared.Tests\Eden.Shared.Tests.csproj", "{7CCAD0B5-2283-4D62-85A1-107C0D14B87F}"
EndProject
Project("{FAE04EC0-301F-11D3-BF4B-00C04F79EFBC}") = "Eden.Server.Core", "Eden.Server.Core\Eden.Server.Core.csproj", "{39B9BCAB-6324-4366-8B5F-0FF356CF7995}"
EndProject
Project("{FAE04EC0-301F-11D3-BF4B-00C04F79EFBC}") = "Eden.Launcher", "Eden.Launcher\Eden.Launcher.csproj", "{CDEDBD26-144C-4DE3-94B5-332C41A12FDA}"
EndProject
Project("{FAE04EC0-301F-11D3-BF4B-00C04F79EFBC}") = "Eden.Client", "Eden.Client\Eden.Client.csproj", "{A539115E-02E4-4F50-8F9A-B8AD7A5A39A5}"
EndProject
Project("{FAE04EC0-301F-11D3-BF4B-00C04F79EFBC}") = "Eden.Logging", "Eden.Logging\Eden.Logging.csproj", "{EF92558D-B8B0-4EC3-9262-FCF65934052C}"
EndProject
Project("{FAE04EC0-301F-11D3-BF4B-00C04F79EFBC}") = "Eden.Scripting", "Eden.Scripting\Eden.Scripting.csproj", "{3A784143-1611-40C4-8555-2ED236DE8AB6}"
EndProject
Global
	GlobalSection(SolutionConfigurationPlatforms) = preSolution
		Debug|Any CPU = Debug|Any CPU
		Debug|x64 = Debug|x64
		Debug|x86 = Debug|x86
		Release|Any CPU = Release|Any CPU
		Release|x64 = Release|x64
		Release|x86 = Release|x86
	EndGlobalSection
	GlobalSection(ProjectConfigurationPlatforms) = postSolution
		{7D0616BA-EE42-4A43-94A5-BB2ABD14D92C}.Debug|Any CPU.ActiveCfg = Debug|Any CPU
		{7D0616BA-EE42-4A43-94A5-BB2ABD14D92C}.Debug|Any CPU.Build.0 = Debug|Any CPU
		{7D0616BA-EE42-4A43-94A5-BB2ABD14D92C}.Debug|x64.ActiveCfg = Debug|Any CPU
		{7D0616BA-EE42-4A43-94A5-BB2ABD14D92C}.Debug|x64.Build.0 = Debug|Any CPU
		{7D0616BA-EE42-4A43-94A5-BB2ABD14D92C}.Debug|x86.ActiveCfg = Debug|Any CPU
		{7D0616BA-EE42-4A43-94A5-BB2ABD14D92C}.Debug|x86.Build.0 = Debug|Any CPU
		{7D0616BA-EE42-4A43-94A5-BB2ABD14D92C}.Release|Any CPU.ActiveCfg = Release|Any CPU
		{7D0616BA-EE42-4A43-94A5-BB2ABD14D92C}.Release|Any CPU.Build.0 = Release|Any CPU
		{7D0616BA-EE42-4A43-94A5-BB2ABD14D92C}.Release|x64.ActiveCfg = Release|Any CPU
		{7D0616BA-EE42-4A43-94A5-BB2ABD14D92C}.Release|x64.Build.0 = Release|Any CPU
		{7D0616BA-EE42-4A43-94A5-BB2ABD14D92C}.Release|x86.ActiveCfg = Release|Any CPU
		{7D0616BA-EE42-4A43-94A5-BB2ABD14D92C}.Release|x86.Build.0 = Release|Any CPU
		{7CCAD0B5-2283-4D62-85A1-107C0D14B87F}.Debug|Any CPU.ActiveCfg = Debug|Any CPU
		{7CCAD0B5-2283-4D62-85A1-107C0D14B87F}.Debug|Any CPU.Build.0 = Debug|Any CPU
		{7CCAD0B5-2283-4D62-85A1-107C0D14B87F}.Debug|x64.ActiveCfg = Debug|Any CPU
		{7CCAD0B5-2283-4D62-85A1-107C0D14B87F}.Debug|x64.Build.0 = Debug|Any CPU
		{7CCAD0B5-2283-4D62-85A1-107C0D14B87F}.Debug|x86.ActiveCfg = Debug|Any CPU
		{7CCAD0B5-2283-4D62-85A1-107C0D14B87F}.Debug|x86.Build.0 = Debug|Any CPU
		{7CCAD0B5-2283-4D62-85A1-107C0D14B87F}.Release|Any CPU.ActiveCfg = Release|Any CPU
		{7CCAD0B5-2283-4D62-85A1-107C0D14B87F}.Release|Any CPU.Build.0 = Release|Any CPU
		{7CCAD0B5-2283-4D62-85A1-107C0D14B87F}.Release|x64.ActiveCfg = Release|Any CPU
		{7CCAD0B5-2283-4D62-85A1-107C0D14B87F}.Release|x64.Build.0 = Release|Any CPU
		{7CCAD0B5-2283-4D62-85A1-107C0D14B87F}.Release|x86.ActiveCfg = Release|Any CPU
		{7CCAD0B5-2283-4D62-85A1-107C0D14B87F}.Release|x86.Build.0 = Release|Any CPU
		{39B9BCAB-6324-4366-8B5F-0FF356CF7995}.Debug|Any CPU.ActiveCfg = Debug|Any CPU
		{39B9BCAB-6324-4366-8B5F-0FF356CF7995}.Debug|Any CPU.Build.0 = Debug|Any CPU
		{39B9BCAB-6324-4366-8B5F-0FF356CF7995}.Debug|x64.ActiveCfg = Debug|Any CPU
		{39B9BCAB-6324-4366-8B5F-0FF356CF7995}.Debug|x64.Build.0 = Debug|Any CPU
		{39B9BCAB-6324-4366-8B5F-0FF356CF7995}.Debug|x86.ActiveCfg = Debug|Any CPU
		{39B9BCAB-6324-4366-8B5F-0FF356CF7995}.Debug|x86.Build.0 = Debug|Any CPU
		{39B9BCAB-6324-4366-8B5F-0FF356CF7995}.Release|Any CPU.ActiveCfg = Release|Any CPU
		{39B9BCAB-6324-4366-8B5F-0FF356CF7995}.Release|Any CPU.Build.0 = Release|Any CPU
		{39B9BCAB-6324-4366-8B5F-0FF356CF7995}.Release|x64.ActiveCfg = Release|Any CPU
		{39B9BCAB-6324-4366-8B5F-0FF356CF7995}.Release|x64.Build.0 = Release|Any CPU
		{39B9BCAB-6324-4366-8B5F-0FF356CF7995}.Release|x86.ActiveCfg = Release|Any CPU
		{39B9BCAB-6324-4366-8B5F-0FF356CF7995}.Release|x86.Build.0 = Release|Any CPU
		{CDEDBD26-144C-4DE3-94B5-332C41A12FDA}.Debug|Any CPU.ActiveCfg = Debug|Any CPU
		{CDEDBD26-144C-4DE3-94B5-332C41A12FDA}.Debug|Any CPU.Build.0 = Debug|Any CPU
		{CDEDBD26-144C-4DE3-94B5-332C41A12FDA}.Debug|x64.ActiveCfg = Debug|Any CPU
		{CDEDBD26-144C-4DE3-94B5-332C41A12FDA}.Debug|x64.Build.0 = Debug|Any CPU
		{CDEDBD26-144C-4DE3-94B5-332C41A12FDA}.Debug|x86.ActiveCfg = Debug|Any CPU
		{CDEDBD26-144C-4DE3-94B5-332C41A12FDA}.Debug|x86.Build.0 = Debug|Any CPU
		{CDEDBD26-144C-4DE3-94B5-332C41A12FDA}.Release|Any CPU.ActiveCfg = Release|Any CPU
		{CDEDBD26-144C-4DE3-94B5-332C41A12FDA}.Release|Any CPU.Build.0 = Release|Any CPU
		{CDEDBD26-144C-4DE3-94B5-332C41A12FDA}.Release|x64.ActiveCfg = Release|Any CPU
		{CDEDBD26-144C-4DE3-94B5-332C41A12FDA}.Release|x64.Build.0 = Release|Any CPU
		{CDEDBD26-144C-4DE3-94B5-332C41A12FDA}.Release|x86.ActiveCfg = Release|Any CPU
		{CDEDBD26-144C-4DE3-94B5-332C41A12FDA}.Release|x86.Build.0 = Release|Any CPU
		{A539115E-02E4-4F50-8F9A-B8AD7A5A39A5}.Debug|Any CPU.ActiveCfg = Debug|Any CPU
		{A539115E-02E4-4F50-8F9A-B8AD7A5A39A5}.Debug|Any CPU.Build.0 = Debug|Any CPU
		{A539115E-02E4-4F50-8F9A-B8AD7A5A39A5}.Debug|x64.ActiveCfg = Debug|Any CPU
		{A539115E-02E4-4F50-8F9A-B8AD7A5A39A5}.Debug|x64.Build.0 = Debug|Any CPU
		{A539115E-02E4-4F50-8F9A-B8AD7A5A39A5}.Debug|x86.ActiveCfg = Debug|Any CPU
		{A539115E-02E4-4F50-8F9A-B8AD7A5A39A5}.Debug|x86.Build.0 = Debug|Any CPU
		{A539115E-02E4-4F50-8F9A-B8AD7A5A39A5}.Release|Any CPU.ActiveCfg = Release|Any CPU
		{A539115E-02E4-4F50-8F9A-B8AD7A5A39A5}.Release|Any CPU.Build.0 = Release|Any CPU
		{A539115E-02E4-4F50-8F9A-B8AD7A5A39A5}.Release|x64.ActiveCfg = Release|Any CPU
		{A539115E-02E4-4F50-8F9A-B8AD7A5A39A5}.Release|x64.Build.0 = Release|Any CPU
		{A539115E-02E4-4F50-8F9A-B8AD7A5A39A5}.Release|x86.ActiveCfg = Release|Any CPU
		{A539115E-02E4-4F50-8F9A-B8AD7A5A39A5}.Release|x86.Build.0 = Release|Any CPU
		{EF92558D-B8B0-4EC3-9262-FCF65934052C}.Debug|Any CPU.ActiveCfg = Debug|Any CPU
		{EF92558D-B8B0-4EC3-9262-FCF65934052C}.Debug|Any CPU.Build.0 = Debug|Any CPU
		{EF92558D-B8B0-4EC3-9262-FCF65934052C}.Debug|x64.ActiveCfg = Debug|Any CPU
		{EF92558D-B8B0-4EC3-9262-FCF65934052C}.Debug|x64.Build.0 = Debug|Any CPU
		{EF92558D-B8B0-4EC3-9262-FCF65934052C}.Debug|x86.ActiveCfg = Debug|Any CPU
		{EF92558D-B8B0-4EC3-9262-FCF65934052C}.Debug|x86.Build.0 = Debug|Any CPU
		{EF92558D-B8B0-4EC3-9262-FCF65934052C}.Release|Any CPU.ActiveCfg = Release|Any CPU
		{EF92558D-B8B0-4EC3-9262-FCF65934052C}.Release|Any CPU.Build.0 = Release|Any CPU
		{EF92558D-B8B0-4EC3-9262-FCF65934052C}.Release|x64.ActiveCfg = Release|Any CPU
		{EF92558D-B8B0-4EC3-9262-FCF65934052C}.Release|x64.Build.0 = Release|Any CPU
		{EF92558D-B8B0-4EC3-9262-FCF65934052C}.Release|x86.ActiveCfg = Release|Any CPU
		{EF92558D-B8B0-4EC3-9262-FCF65934052C}.Release|x86.Build.0 = Release|Any CPU
		{3A784143-1611-40C4-8555-2ED236DE8AB6}.Debug|Any CPU.ActiveCfg = Debug|Any CPU
		{3A784143-1611-40C4-8555-2ED236DE8AB6}.Debug|Any CPU.Build.0 = Debug|Any CPU
		{3A784143-1611-40C4-8555-2ED236DE8AB6}.Debug|x64.ActiveCfg = Debug|Any CPU
		{3A784143-1611-40C4-8555-2ED236DE8AB6}.Debug|x64.Build.0 = Debug|Any CPU
		{3A784143-1611-40C4-8555-2ED236DE8AB6}.Debug|x86.ActiveCfg = Debug|Any CPU
		{3A784143-1611-40C4-8555-2ED236DE8AB6}.Debug|x86.Build.0 = Debug|Any CPU
		{3A784143-1611-40C4-8555-2ED236DE8AB6}.Release|Any CPU.ActiveCfg = Release|Any CPU
		{3A784143-1611-40C4-8555-2ED236DE8AB6}.Release|Any CPU.Build.0 = Release|Any CPU
		{3A784143-1611-40C4-8555-2ED236DE8AB6}.Release|x64.ActiveCfg = Release|Any CPU
		{3A784143-1611-40C4-8555-2ED236DE8AB6}.Release|x64.Build.0 = Release|Any CPU
		{3A784143-1611-40C4-8555-2ED236DE8AB6}.Release|x86.ActiveCfg = Release|Any CPU
		{3A784143-1611-40C4-8555-2ED236DE8AB6}.Release|x86.Build.0 = Release|Any CPU
	EndGlobalSection
	GlobalSection(SolutionProperties) = preSolution
		HideSolutionNode = FALSE
	EndGlobalSection
EndGlobal
