
Microsoft Visual Studio Solution File, Format Version 12.00
# Visual Studio 22
Project("{FAE04EC0-301F-11D3-BF4B-00C04F79EFBC}") = "OpenSim", "Eden\Region\Application\OpenSim.csproj", "{A6C328A7-0000-0000-0000-000000000000}"
EndProject
Project("{FAE04EC0-301F-11D3-BF4B-00C04F79EFBC}") = "OpenSim.Addons.Groups", "Eden\Addons\Groups\OpenSim.Addons.Groups.csproj", "{3AEA2DBC-0000-0000-0000-000000000000}"
EndProject
Project("{FAE04EC0-301F-11D3-BF4B-00C04F79EFBC}") = "OpenSim.Addons.OfflineIM", "Eden\Addons\OfflineIM\OpenSim.Addons.OfflineIM.csproj", "{A6ED4145-0000-0000-0000-000000000000}"
EndProject
Project("{FAE04EC0-301F-11D3-BF4B-00C04F79EFBC}") = "OpenSim.ApplicationPlugins.LoadRegions", "Eden\ApplicationPlugins\LoadRegions\OpenSim.ApplicationPlugins.LoadRegions.csproj", "{594B9B81-0000-0000-0000-000000000000}"
EndProject
Project("{FAE04EC0-301F-11D3-BF4B-00C04F79EFBC}") = "OpenSim.ApplicationPlugins.RegionModulesController", "Eden\ApplicationPlugins\RegionModulesController\OpenSim.ApplicationPlugins.RegionModulesController.csproj", "{70F25E30-0000-0000-0000-000000000000}"
EndProject
Project("{FAE04EC0-301F-11D3-BF4B-00C04F79EFBC}") = "OpenSim.ApplicationPlugins.RemoteController", "Eden\ApplicationPlugins\RemoteController\OpenSim.ApplicationPlugins.RemoteController.csproj", "{E1E9389D-0000-0000-0000-000000000000}"
EndProject
Project("{FAE04EC0-301F-11D3-BF4B-00C04F79EFBC}") = "OpenSim.Capabilities", "Eden\Capabilities\OpenSim.Capabilities.csproj", "{962FDCC7-0000-0000-0000-000000000000}"
EndProject
Project("{FAE04EC0-301F-11D3-BF4B-00C04F79EFBC}") = "OpenSim.Capabilities.Handlers", "Eden\Capabilities\Handlers\OpenSim.Capabilities.Handlers.csproj", "{C6AC9CCE-0000-0000-0000-000000000000}"
EndProject
Project("{FAE04EC0-301F-11D3-BF4B-00C04F79EFBC}") = "OpenSim.ConsoleClient", "Eden\ConsoleClient\OpenSim.ConsoleClient.csproj", "{BA02E61D-0000-0000-0000-000000000000}"
EndProject
Project("{FAE04EC0-301F-11D3-BF4B-00C04F79EFBC}") = "OpenSim.Data", "Eden\Data\OpenSim.Data.csproj", "{F545B7FC-0000-0000-0000-000000000000}"
EndProject
Project("{FAE04EC0-301F-11D3-BF4B-00C04F79EFBC}") = "OpenSim.Data.MySQL", "Eden\Data\MySQL\OpenSim.Data.MySQL.csproj", "{2E046150-0000-0000-0000-000000000000}"
EndProject
Project("{FAE04EC0-301F-11D3-BF4B-00C04F79EFBC}") = "OpenSim.Data.Null", "Eden\Data\Null\OpenSim.Data.Null.csproj", "{981D423B-0000-0000-0000-000000000000}"
EndProject
Project("{FAE04EC0-301F-11D3-BF4B-00C04F79EFBC}") = "OpenSim.Data.PGSQL", "Eden\Data\PGSQL\OpenSim.Data.PGSQL.csproj", "{A4F93E70-0000-0000-0000-000000000000}"
EndProject
Project("{FAE04EC0-301F-11D3-BF4B-00C04F79EFBC}") = "OpenSim.Data.SQLite", "Eden\Data\SQLite\OpenSim.Data.SQLite.csproj", "{68EDC3BF-0000-0000-0000-000000000000}"
EndProject
Project("{FAE04EC0-301F-11D3-BF4B-00C04F79EFBC}") = "OpenSim.Framework", "Eden\Framework\OpenSim.Framework.csproj", "{045AF053-0000-0000-0000-000000000000}"
EndProject
Project("{FAE04EC0-301F-11D3-BF4B-00C04F79EFBC}") = "OpenSim.Framework.AssetLoader.Filesystem", "Eden\Framework\AssetLoader\Filesystem\OpenSim.Framework.AssetLoader.Filesystem.csproj", "{2BF2610C-0000-0000-0000-000000000000}"
EndProject
Project("{FAE04EC0-301F-11D3-BF4B-00C04F79EFBC}") = "OpenSim.Framework.Console", "Eden\Framework\Console\OpenSim.Framework.Console.csproj", "{2352BD1E-0000-0000-0000-000000000000}"
EndProject
Project("{FAE04EC0-301F-11D3-BF4B-00C04F79EFBC}") = "OpenSim.Framework.Monitoring", "Eden\Framework\Monitoring\OpenSim.Framework.Monitoring.csproj", "{D92F3DCD-0000-0000-0000-000000000000}"
EndProject
Project("{FAE04EC0-301F-11D3-BF4B-00C04F79EFBC}") = "OpenSim.Framework.Serialization", "Eden\Framework\Serialization\OpenSim.Framework.Serialization.csproj", "{2AA7B591-0000-0000-0000-000000000000}"
EndProject
Project("{FAE04EC0-301F-11D3-BF4B-00C04F79EFBC}") = "OpenSim.Framework.Servers", "Eden\Framework\Servers\OpenSim.Framework.Servers.csproj", "{F9F77BA2-0000-0000-0000-000000000000}"
EndProject
Project("{FAE04EC0-301F-11D3-BF4B-00C04F79EFBC}") = "OpenSim.Framework.Servers.HttpServer", "Eden\Framework\Servers\HttpServer\OpenSim.Framework.Servers.HttpServer.csproj", "{18AD293D-0000-0000-0000-000000000000}"
EndProject
Project("{FAE04EC0-301F-11D3-BF4B-00C04F79EFBC}") = "OpenSim.Region.ClientStack.LindenCaps", "Eden\Region\ClientStack\Linden\Caps\OpenSim.Region.ClientStack.LindenCaps.csproj", "{EF060C01-0000-0000-0000-000000000000}"
EndProject
Project("{FAE04EC0-301F-11D3-BF4B-00C04F79EFBC}") = "OpenSim.Region.ClientStack.LindenUDP", "Eden\Region\ClientStack\Linden\UDP\OpenSim.Region.ClientStack.LindenUDP.csproj", "{1BD133E6-0000-0000-0000-000000000000}"
EndProject
Project("{FAE04EC0-301F-11D3-BF4B-00C04F79EFBC}") = "OpenSim.Region.CoreModules", "Eden\Region\CoreModules\OpenSim.Region.CoreModules.csproj", "{B01B63F8-0000-0000-0000-000000000000}"
EndProject
Project("{FAE04EC0-301F-11D3-BF4B-00C04F79EFBC}") = "OpenSim.Region.Framework", "Eden\Region\Framework\OpenSim.Region.Framework.csproj", "{8921FAB0-0000-0000-0000-000000000000}"
EndProject
Project("{FAE04EC0-301F-11D3-BF4B-00C04F79EFBC}") = "OpenSim.Region.OptionalModules", "Eden\Region\OptionalModules\OpenSim.Region.OptionalModules.csproj", "{C72401C6-0000-0000-0000-000000000000}"
EndProject
Project("{FAE04EC0-301F-11D3-BF4B-00C04F79EFBC}") = "OpenSim.Region.PhysicsModule.BasicPhysics", "Eden\Region\PhysicsModules\BasicPhysics\OpenSim.Region.PhysicsModule.BasicPhysics.csproj", "{A6CE19A8-0000-0000-0000-000000000000}"
EndProject
Project("{FAE04EC0-301F-11D3-BF4B-00C04F79EFBC}") = "OpenSim.Region.PhysicsModule.BulletS", "Eden\Region\PhysicsModules\BulletS\OpenSim.Region.PhysicsModule.BulletS.csproj", "{0EDD9660-0000-0000-0000-000000000000}"
EndProject
Project("{FAE04EC0-301F-11D3-BF4B-00C04F79EFBC}") = "OpenSim.Region.PhysicsModule.Meshing", "Eden\Region\PhysicsModules\Meshing\OpenSim.Region.PhysicsModule.Meshing.csproj", "{93DAE81B-0000-0000-0000-000000000000}"
EndProject
Project("{FAE04EC0-301F-11D3-BF4B-00C04F79EFBC}") = "OpenSim.Region.PhysicsModule.POS", "Eden\Region\PhysicsModules\POS\OpenSim.Region.PhysicsModule.POS.csproj", "{BBDFC332-0000-0000-0000-000000000000}"
EndProject
Project("{FAE04EC0-301F-11D3-BF4B-00C04F79EFBC}") = "OpenSim.Region.PhysicsModule.ubOde", "Eden\Region\PhysicsModules\ubOde\OpenSim.Region.PhysicsModule.ubOde.csproj", "{0F9871A5-0000-0000-0000-000000000000}"
EndProject
Project("{FAE04EC0-301F-11D3-BF4B-00C04F79EFBC}") = "OpenSim.Region.PhysicsModule.ubOdeMeshing", "Eden\Region\PhysicsModules\ubOdeMeshing\OpenSim.Region.PhysicsModule.ubOdeMeshing.csproj", "{B7D2219F-0000-0000-0000-000000000000}"
EndProject
Project("{FAE04EC0-301F-11D3-BF4B-00C04F79EFBC}") = "OpenSim.Region.PhysicsModules.ConvexDecompositionDotNet", "Eden\Region\PhysicsModules\ConvexDecompositionDotNet\OpenSim.Region.PhysicsModules.ConvexDecompositionDotNet.csproj", "{032E2E9F-0000-0000-0000-000000000000}"
EndProject
Project("{FAE04EC0-301F-11D3-BF4B-00C04F79EFBC}") = "OpenSim.Region.PhysicsModules.SharedBase", "Eden\Region\PhysicsModules\SharedBase\OpenSim.Region.PhysicsModules.SharedBase.csproj", "{772A2E2D-0000-0000-0000-000000000000}"
EndProject
Project("{FAE04EC0-301F-11D3-BF4B-00C04F79EFBC}") = "OpenSim.Region.ScriptEngine.Shared", "Eden\Region\ScriptEngine\Shared\OpenSim.Region.ScriptEngine.Shared.csproj", "{DFC68D75-0000-0000-0000-000000000000}"
EndProject
Project("{FAE04EC0-301F-11D3-BF4B-00C04F79EFBC}") = "OpenSim.Server.Base", "Eden\Server\Base\OpenSim.Server.Base.csproj", "{53A42603-0000-0000-0000-000000000000}"
EndProject
Project("{FAE04EC0-301F-11D3-BF4B-00C04F79EFBC}") = "OpenSim.Server.Handlers", "Eden\Server\Handlers\OpenSim.Server.Handlers.csproj", "{1C7FB451-0000-0000-0000-000000000000}"
EndProject
Project("{FAE04EC0-301F-11D3-BF4B-00C04F79EFBC}") = "OpenSim.Services.AssetService", "Eden\Services\AssetService\OpenSim.Services.AssetService.csproj", "{CCB6C0E1-0000-0000-0000-000000000000}"
EndProject
Project("{FAE04EC0-301F-11D3-BF4B-00C04F79EFBC}") = "OpenSim.Services.AuthenticationService", "Eden\Services\AuthenticationService\OpenSim.Services.AuthenticationService.csproj", "{9FE9C594-0000-0000-0000-000000000000}"
EndProject
Project("{FAE04EC0-301F-11D3-BF4B-00C04F79EFBC}") = "OpenSim.Services.AuthorizationService", "Eden\Services\AuthorizationService\OpenSim.Services.AuthorizationService.csproj", "{4F493865-0000-0000-0000-000000000000}"
EndProject
Project("{FAE04EC0-301F-11D3-BF4B-00C04F79EFBC}") = "OpenSim.Services.AvatarService", "Eden\Services\AvatarService\OpenSim.Services.AvatarService.csproj", "{0F2279DD-0000-0000-0000-000000000000}"
EndProject
Project("{FAE04EC0-301F-11D3-BF4B-00C04F79EFBC}") = "OpenSim.Services.Base", "Eden\Services\Base\OpenSim.Services.Base.csproj", "{F5051235-0000-0000-0000-000000000000}"
EndProject
Project("{FAE04EC0-301F-11D3-BF4B-00C04F79EFBC}") = "OpenSim.Services.Connectors", "Eden\Services\Connectors\OpenSim.Services.Connectors.csproj", "{855DD572-0000-0000-0000-000000000000}"
EndProject
Project("{FAE04EC0-301F-11D3-BF4B-00C04F79EFBC}") = "OpenSim.Services.EstateService", "Eden\Services\EstateService\OpenSim.Services.EstateService.csproj", "{188B67D6-0000-0000-0000-000000000000}"
EndProject
Project("{FAE04EC0-301F-11D3-BF4B-00C04F79EFBC}") = "OpenSim.Services.FreeswitchService", "Eden\Services\FreeswitchService\OpenSim.Services.FreeswitchService.csproj", "{70A693D0-0000-0000-0000-000000000000}"
EndProject
Project("{FAE04EC0-301F-11D3-BF4B-00C04F79EFBC}") = "OpenSim.Services.FriendsService", "Eden\Services\Friends\OpenSim.Services.FriendsService.csproj", "{2082E38C-0000-0000-0000-000000000000}"
EndProject
Project("{FAE04EC0-301F-11D3-BF4B-00C04F79EFBC}") = "OpenSim.Services.FSAssetService", "Eden\Services\FSAssetService\OpenSim.Services.FSAssetService.csproj", "{D998D721-0000-0000-0000-000000000000}"
EndProject
Project("{FAE04EC0-301F-11D3-BF4B-00C04F79EFBC}") = "OpenSim.Services.GridService", "Eden\Services\GridService\OpenSim.Services.GridService.csproj", "{5F4D44C6-0000-0000-0000-000000000000}"
EndProject
Project("{FAE04EC0-301F-11D3-BF4B-00C04F79EFBC}") = "OpenSim.Services.HypergridService", "Eden\Services\HypergridService\OpenSim.Services.HypergridService.csproj", "{96EA786D-0000-0000-0000-000000000000}"
EndProject
Project("{FAE04EC0-301F-11D3-BF4B-00C04F79EFBC}") = "OpenSim.Services.Interfaces", "Eden\Services\Interfaces\OpenSim.Services.Interfaces.csproj", "{964E13DF-0000-0000-0000-000000000000}"
EndProject
Project("{FAE04EC0-301F-11D3-BF4B-00C04F79EFBC}") = "OpenSim.Services.InventoryService", "Eden\Services\InventoryService\OpenSim.Services.InventoryService.csproj", "{BC3097A1-0000-0000-0000-000000000000}"
EndProject
Project("{FAE04EC0-301F-11D3-BF4B-00C04F79EFBC}") = "OpenSim.Services.LLLoginService", "Eden\Services\LLLoginService\OpenSim.Services.LLLoginService.csproj", "{4D6E9C2F-0000-0000-0000-000000000000}"
EndProject
Project("{FAE04EC0-301F-11D3-BF4B-00C04F79EFBC}") = "OpenSim.Services.MapImageService", "Eden\Services\MapImageService\OpenSim.Services.MapImageService.csproj", "{35D2B3DA-0000-0000-0000-000000000000}"
EndProject
Project("{FAE04EC0-301F-11D3-BF4B-00C04F79EFBC}") = "OpenSim.Services.MuteListService", "Eden\Services\MuteListService\OpenSim.Services.MuteListService.csproj", "{F38156BD-0000-0000-0000-000000000000}"
EndProject
Project("{FAE04EC0-301F-11D3-BF4B-00C04F79EFBC}") = "OpenSim.Services.PresenceService", "Eden\Services\PresenceService\OpenSim.Services.PresenceService.csproj", "{D654FB7F-0000-0000-0000-000000000000}"
EndProject
Project("{FAE04EC0-301F-11D3-BF4B-00C04F79EFBC}") = "OpenSim.Services.SimulationService", "Eden\Services\SimulationService\OpenSim.Services.SimulationService.csproj", "{CF0EA859-0000-0000-0000-000000000000}"
EndProject
Project("{FAE04EC0-301F-11D3-BF4B-00C04F79EFBC}") = "OpenSim.Services.UserAccountService", "Eden\Services\UserAccountService\OpenSim.Services.UserAccountService.csproj", "{E97301FC-0000-0000-0000-000000000000}"
EndProject
Project("{FAE04EC0-301F-11D3-BF4B-00C04F79EFBC}") = "OpenSim.Services.UserProfilesService", "Eden\Services\UserProfilesService\OpenSim.Services.UserProfilesService.csproj", "{BC7FEA76-0000-0000-0000-000000000000}"
EndProject
Project("{FAE04EC0-301F-11D3-BF4B-00C04F79EFBC}") = "OpenSim.Tools.Configger", "Eden\Tools\Configger\OpenSim.Tools.Configger.csproj", "{FFFEDE87-0000-0000-0000-000000000000}"
EndProject
Project("{FAE04EC0-301F-11D3-BF4B-00C04F79EFBC}") = "pCampBot", "Eden\Tools\pCampBot\pCampBot.csproj", "{D8EB9A74-0000-0000-0000-000000000000}"
EndProject
Project("{FAE04EC0-301F-11D3-BF4B-00C04F79EFBC}") = "Robust", "Eden\Server\Robust.csproj", "{49D679A4-0000-0000-0000-000000000000}"
EndProject
Project("{FAE04EC0-301F-11D3-BF4B-00C04F79EFBC}") = "SmartThreadPool", "ThirdParty\SmartThreadPool\SmartThreadPool.csproj", "{BEB6536E-0000-0000-0000-000000000000}"
EndProject
Project("{FAE04EC0-301F-11D3-BF4B-00C04F79EFBC}") = "Eden.Shared", "Eden.Shared\Eden.Shared.csproj", "{7D0616BA-EE42-4A43-94A5-BB2ABD14D92C}"
EndProject
Project("{FAE04EC0-301F-11D3-BF4B-00C04F79EFBC}") = "Eden.Server", "Eden.Server\Eden.Server.csproj", "{BC22F705-9C13-4E44-AA54-41C6A2EB6B0F}"
EndProject
Global
	GlobalSection(SolutionConfigurationPlatforms) = preSolution
		Debug|Any CPU = Debug|Any CPU
		Debug|x64 = Debug|x64
		Debug|x86 = Debug|x86
		Release|Any CPU = Release|Any CPU
		Release|x64 = Release|x64
		Release|x86 = Release|x86
	EndGlobalSection
	GlobalSection(ProjectConfigurationPlatforms) = postSolution
		{A6C328A7-0000-0000-0000-000000000000}.Debug|Any CPU.ActiveCfg = Debug|Any CPU
		{A6C328A7-0000-0000-0000-000000000000}.Debug|Any CPU.Build.0 = Debug|Any CPU
		{A6C328A7-0000-0000-0000-000000000000}.Debug|x64.ActiveCfg = Debug|Any CPU
		{A6C328A7-0000-0000-0000-000000000000}.Debug|x64.Build.0 = Debug|Any CPU
		{A6C328A7-0000-0000-0000-000000000000}.Debug|x86.ActiveCfg = Debug|Any CPU
		{A6C328A7-0000-0000-0000-000000000000}.Debug|x86.Build.0 = Debug|Any CPU
		{A6C328A7-0000-0000-0000-000000000000}.Release|Any CPU.ActiveCfg = Release|Any CPU
		{A6C328A7-0000-0000-0000-000000000000}.Release|Any CPU.Build.0 = Release|Any CPU
		{A6C328A7-0000-0000-0000-000000000000}.Release|x64.ActiveCfg = Release|Any CPU
		{A6C328A7-0000-0000-0000-000000000000}.Release|x64.Build.0 = Release|Any CPU
		{A6C328A7-0000-0000-0000-000000000000}.Release|x86.ActiveCfg = Release|Any CPU
		{A6C328A7-0000-0000-0000-000000000000}.Release|x86.Build.0 = Release|Any CPU
		{3AEA2DBC-0000-0000-0000-000000000000}.Debug|Any CPU.ActiveCfg = Debug|Any CPU
		{3AEA2DBC-0000-0000-0000-000000000000}.Debug|Any CPU.Build.0 = Debug|Any CPU
		{3AEA2DBC-0000-0000-0000-000000000000}.Debug|x64.ActiveCfg = Debug|Any CPU
		{3AEA2DBC-0000-0000-0000-000000000000}.Debug|x64.Build.0 = Debug|Any CPU
		{3AEA2DBC-0000-0000-0000-000000000000}.Debug|x86.ActiveCfg = Debug|Any CPU
		{3AEA2DBC-0000-0000-0000-000000000000}.Debug|x86.Build.0 = Debug|Any CPU
		{3AEA2DBC-0000-0000-0000-000000000000}.Release|Any CPU.ActiveCfg = Release|Any CPU
		{3AEA2DBC-0000-0000-0000-000000000000}.Release|Any CPU.Build.0 = Release|Any CPU
		{3AEA2DBC-0000-0000-0000-000000000000}.Release|x64.ActiveCfg = Release|Any CPU
		{3AEA2DBC-0000-0000-0000-000000000000}.Release|x64.Build.0 = Release|Any CPU
		{3AEA2DBC-0000-0000-0000-000000000000}.Release|x86.ActiveCfg = Release|Any CPU
		{3AEA2DBC-0000-0000-0000-000000000000}.Release|x86.Build.0 = Release|Any CPU
		{A6ED4145-0000-0000-0000-000000000000}.Debug|Any CPU.ActiveCfg = Debug|Any CPU
		{A6ED4145-0000-0000-0000-000000000000}.Debug|Any CPU.Build.0 = Debug|Any CPU
		{A6ED4145-0000-0000-0000-000000000000}.Debug|x64.ActiveCfg = Debug|Any CPU
		{A6ED4145-0000-0000-0000-000000000000}.Debug|x64.Build.0 = Debug|Any CPU
		{A6ED4145-0000-0000-0000-000000000000}.Debug|x86.ActiveCfg = Debug|Any CPU
		{A6ED4145-0000-0000-0000-000000000000}.Debug|x86.Build.0 = Debug|Any CPU
		{A6ED4145-0000-0000-0000-000000000000}.Release|Any CPU.ActiveCfg = Release|Any CPU
		{A6ED4145-0000-0000-0000-000000000000}.Release|Any CPU.Build.0 = Release|Any CPU
		{A6ED4145-0000-0000-0000-000000000000}.Release|x64.ActiveCfg = Release|Any CPU
		{A6ED4145-0000-0000-0000-000000000000}.Release|x64.Build.0 = Release|Any CPU
		{A6ED4145-0000-0000-0000-000000000000}.Release|x86.ActiveCfg = Release|Any CPU
		{A6ED4145-0000-0000-0000-000000000000}.Release|x86.Build.0 = Release|Any CPU
		{594B9B81-0000-0000-0000-000000000000}.Debug|Any CPU.ActiveCfg = Debug|Any CPU
		{594B9B81-0000-0000-0000-000000000000}.Debug|Any CPU.Build.0 = Debug|Any CPU
		{594B9B81-0000-0000-0000-000000000000}.Debug|x64.ActiveCfg = Debug|Any CPU
		{594B9B81-0000-0000-0000-000000000000}.Debug|x64.Build.0 = Debug|Any CPU
		{594B9B81-0000-0000-0000-000000000000}.Debug|x86.ActiveCfg = Debug|Any CPU
		{594B9B81-0000-0000-0000-000000000000}.Debug|x86.Build.0 = Debug|Any CPU
		{594B9B81-0000-0000-0000-000000000000}.Release|Any CPU.ActiveCfg = Release|Any CPU
		{594B9B81-0000-0000-0000-000000000000}.Release|Any CPU.Build.0 = Release|Any CPU
		{594B9B81-0000-0000-0000-000000000000}.Release|x64.ActiveCfg = Release|Any CPU
		{594B9B81-0000-0000-0000-000000000000}.Release|x64.Build.0 = Release|Any CPU
		{594B9B81-0000-0000-0000-000000000000}.Release|x86.ActiveCfg = Release|Any CPU
		{594B9B81-0000-0000-0000-000000000000}.Release|x86.Build.0 = Release|Any CPU
		{70F25E30-0000-0000-0000-000000000000}.Debug|Any CPU.ActiveCfg = Debug|Any CPU
		{70F25E30-0000-0000-0000-000000000000}.Debug|Any CPU.Build.0 = Debug|Any CPU
		{70F25E30-0000-0000-0000-000000000000}.Debug|x64.ActiveCfg = Debug|Any CPU
		{70F25E30-0000-0000-0000-000000000000}.Debug|x64.Build.0 = Debug|Any CPU
		{70F25E30-0000-0000-0000-000000000000}.Debug|x86.ActiveCfg = Debug|Any CPU
		{70F25E30-0000-0000-0000-000000000000}.Debug|x86.Build.0 = Debug|Any CPU
		{70F25E30-0000-0000-0000-000000000000}.Release|Any CPU.ActiveCfg = Release|Any CPU
		{70F25E30-0000-0000-0000-000000000000}.Release|Any CPU.Build.0 = Release|Any CPU
		{70F25E30-0000-0000-0000-000000000000}.Release|x64.ActiveCfg = Release|Any CPU
		{70F25E30-0000-0000-0000-000000000000}.Release|x64.Build.0 = Release|Any CPU
		{70F25E30-0000-0000-0000-000000000000}.Release|x86.ActiveCfg = Release|Any CPU
		{70F25E30-0000-0000-0000-000000000000}.Release|x86.Build.0 = Release|Any CPU
		{E1E9389D-0000-0000-0000-000000000000}.Debug|Any CPU.ActiveCfg = Debug|Any CPU
		{E1E9389D-0000-0000-0000-000000000000}.Debug|Any CPU.Build.0 = Debug|Any CPU
		{E1E9389D-0000-0000-0000-000000000000}.Debug|x64.ActiveCfg = Debug|Any CPU
		{E1E9389D-0000-0000-0000-000000000000}.Debug|x64.Build.0 = Debug|Any CPU
		{E1E9389D-0000-0000-0000-000000000000}.Debug|x86.ActiveCfg = Debug|Any CPU
		{E1E9389D-0000-0000-0000-000000000000}.Debug|x86.Build.0 = Debug|Any CPU
		{E1E9389D-0000-0000-0000-000000000000}.Release|Any CPU.ActiveCfg = Release|Any CPU
		{E1E9389D-0000-0000-0000-000000000000}.Release|Any CPU.Build.0 = Release|Any CPU
		{E1E9389D-0000-0000-0000-000000000000}.Release|x64.ActiveCfg = Release|Any CPU
		{E1E9389D-0000-0000-0000-000000000000}.Release|x64.Build.0 = Release|Any CPU
		{E1E9389D-0000-0000-0000-000000000000}.Release|x86.ActiveCfg = Release|Any CPU
		{E1E9389D-0000-0000-0000-000000000000}.Release|x86.Build.0 = Release|Any CPU
		{962FDCC7-0000-0000-0000-000000000000}.Debug|Any CPU.ActiveCfg = Debug|Any CPU
		{962FDCC7-0000-0000-0000-000000000000}.Debug|Any CPU.Build.0 = Debug|Any CPU
		{962FDCC7-0000-0000-0000-000000000000}.Debug|x64.ActiveCfg = Debug|Any CPU
		{962FDCC7-0000-0000-0000-000000000000}.Debug|x64.Build.0 = Debug|Any CPU
		{962FDCC7-0000-0000-0000-000000000000}.Debug|x86.ActiveCfg = Debug|Any CPU
		{962FDCC7-0000-0000-0000-000000000000}.Debug|x86.Build.0 = Debug|Any CPU
		{962FDCC7-0000-0000-0000-000000000000}.Release|Any CPU.ActiveCfg = Release|Any CPU
		{962FDCC7-0000-0000-0000-000000000000}.Release|Any CPU.Build.0 = Release|Any CPU
		{962FDCC7-0000-0000-0000-000000000000}.Release|x64.ActiveCfg = Release|Any CPU
		{962FDCC7-0000-0000-0000-000000000000}.Release|x64.Build.0 = Release|Any CPU
		{962FDCC7-0000-0000-0000-000000000000}.Release|x86.ActiveCfg = Release|Any CPU
		{962FDCC7-0000-0000-0000-000000000000}.Release|x86.Build.0 = Release|Any CPU
		{C6AC9CCE-0000-0000-0000-000000000000}.Debug|Any CPU.ActiveCfg = Debug|Any CPU
		{C6AC9CCE-0000-0000-0000-000000000000}.Debug|Any CPU.Build.0 = Debug|Any CPU
		{C6AC9CCE-0000-0000-0000-000000000000}.Debug|x64.ActiveCfg = Debug|Any CPU
		{C6AC9CCE-0000-0000-0000-000000000000}.Debug|x64.Build.0 = Debug|Any CPU
		{C6AC9CCE-0000-0000-0000-000000000000}.Debug|x86.ActiveCfg = Debug|Any CPU
		{C6AC9CCE-0000-0000-0000-000000000000}.Debug|x86.Build.0 = Debug|Any CPU
		{C6AC9CCE-0000-0000-0000-000000000000}.Release|Any CPU.ActiveCfg = Release|Any CPU
		{C6AC9CCE-0000-0000-0000-000000000000}.Release|Any CPU.Build.0 = Release|Any CPU
		{C6AC9CCE-0000-0000-0000-000000000000}.Release|x64.ActiveCfg = Release|Any CPU
		{C6AC9CCE-0000-0000-0000-000000000000}.Release|x64.Build.0 = Release|Any CPU
		{C6AC9CCE-0000-0000-0000-000000000000}.Release|x86.ActiveCfg = Release|Any CPU
		{C6AC9CCE-0000-0000-0000-000000000000}.Release|x86.Build.0 = Release|Any CPU
		{BA02E61D-0000-0000-0000-000000000000}.Debug|Any CPU.ActiveCfg = Debug|Any CPU
		{BA02E61D-0000-0000-0000-000000000000}.Debug|Any CPU.Build.0 = Debug|Any CPU
		{BA02E61D-0000-0000-0000-000000000000}.Debug|x64.ActiveCfg = Debug|Any CPU
		{BA02E61D-0000-0000-0000-000000000000}.Debug|x64.Build.0 = Debug|Any CPU
		{BA02E61D-0000-0000-0000-000000000000}.Debug|x86.ActiveCfg = Debug|Any CPU
		{BA02E61D-0000-0000-0000-000000000000}.Debug|x86.Build.0 = Debug|Any CPU
		{BA02E61D-0000-0000-0000-000000000000}.Release|Any CPU.ActiveCfg = Release|Any CPU
		{BA02E61D-0000-0000-0000-000000000000}.Release|Any CPU.Build.0 = Release|Any CPU
		{BA02E61D-0000-0000-0000-000000000000}.Release|x64.ActiveCfg = Release|Any CPU
		{BA02E61D-0000-0000-0000-000000000000}.Release|x64.Build.0 = Release|Any CPU
		{BA02E61D-0000-0000-0000-000000000000}.Release|x86.ActiveCfg = Release|Any CPU
		{BA02E61D-0000-0000-0000-000000000000}.Release|x86.Build.0 = Release|Any CPU
		{F545B7FC-0000-0000-0000-000000000000}.Debug|Any CPU.ActiveCfg = Debug|Any CPU
		{F545B7FC-0000-0000-0000-000000000000}.Debug|Any CPU.Build.0 = Debug|Any CPU
		{F545B7FC-0000-0000-0000-000000000000}.Debug|x64.ActiveCfg = Debug|Any CPU
		{F545B7FC-0000-0000-0000-000000000000}.Debug|x64.Build.0 = Debug|Any CPU
		{F545B7FC-0000-0000-0000-000000000000}.Debug|x86.ActiveCfg = Debug|Any CPU
		{F545B7FC-0000-0000-0000-000000000000}.Debug|x86.Build.0 = Debug|Any CPU
		{F545B7FC-0000-0000-0000-000000000000}.Release|Any CPU.ActiveCfg = Release|Any CPU
		{F545B7FC-0000-0000-0000-000000000000}.Release|Any CPU.Build.0 = Release|Any CPU
		{F545B7FC-0000-0000-0000-000000000000}.Release|x64.ActiveCfg = Release|Any CPU
		{F545B7FC-0000-0000-0000-000000000000}.Release|x64.Build.0 = Release|Any CPU
		{F545B7FC-0000-0000-0000-000000000000}.Release|x86.ActiveCfg = Release|Any CPU
		{F545B7FC-0000-0000-0000-000000000000}.Release|x86.Build.0 = Release|Any CPU
		{2E046150-0000-0000-0000-000000000000}.Debug|Any CPU.ActiveCfg = Debug|Any CPU
		{2E046150-0000-0000-0000-000000000000}.Debug|Any CPU.Build.0 = Debug|Any CPU
		{2E046150-0000-0000-0000-000000000000}.Debug|x64.ActiveCfg = Debug|Any CPU
		{2E046150-0000-0000-0000-000000000000}.Debug|x64.Build.0 = Debug|Any CPU
		{2E046150-0000-0000-0000-000000000000}.Debug|x86.ActiveCfg = Debug|Any CPU
		{2E046150-0000-0000-0000-000000000000}.Debug|x86.Build.0 = Debug|Any CPU
		{2E046150-0000-0000-0000-000000000000}.Release|Any CPU.ActiveCfg = Release|Any CPU
		{2E046150-0000-0000-0000-000000000000}.Release|Any CPU.Build.0 = Release|Any CPU
		{2E046150-0000-0000-0000-000000000000}.Release|x64.ActiveCfg = Release|Any CPU
		{2E046150-0000-0000-0000-000000000000}.Release|x64.Build.0 = Release|Any CPU
		{2E046150-0000-0000-0000-000000000000}.Release|x86.ActiveCfg = Release|Any CPU
		{2E046150-0000-0000-0000-000000000000}.Release|x86.Build.0 = Release|Any CPU
		{981D423B-0000-0000-0000-000000000000}.Debug|Any CPU.ActiveCfg = Debug|Any CPU
		{981D423B-0000-0000-0000-000000000000}.Debug|Any CPU.Build.0 = Debug|Any CPU
		{981D423B-0000-0000-0000-000000000000}.Debug|x64.ActiveCfg = Debug|Any CPU
		{981D423B-0000-0000-0000-000000000000}.Debug|x64.Build.0 = Debug|Any CPU
		{981D423B-0000-0000-0000-000000000000}.Debug|x86.ActiveCfg = Debug|Any CPU
		{981D423B-0000-0000-0000-000000000000}.Debug|x86.Build.0 = Debug|Any CPU
		{981D423B-0000-0000-0000-000000000000}.Release|Any CPU.ActiveCfg = Release|Any CPU
		{981D423B-0000-0000-0000-000000000000}.Release|Any CPU.Build.0 = Release|Any CPU
		{981D423B-0000-0000-0000-000000000000}.Release|x64.ActiveCfg = Release|Any CPU
		{981D423B-0000-0000-0000-000000000000}.Release|x64.Build.0 = Release|Any CPU
		{981D423B-0000-0000-0000-000000000000}.Release|x86.ActiveCfg = Release|Any CPU
		{981D423B-0000-0000-0000-000000000000}.Release|x86.Build.0 = Release|Any CPU
		{A4F93E70-0000-0000-0000-000000000000}.Debug|Any CPU.ActiveCfg = Debug|Any CPU
		{A4F93E70-0000-0000-0000-000000000000}.Debug|Any CPU.Build.0 = Debug|Any CPU
		{A4F93E70-0000-0000-0000-000000000000}.Debug|x64.ActiveCfg = Debug|Any CPU
		{A4F93E70-0000-0000-0000-000000000000}.Debug|x64.Build.0 = Debug|Any CPU
		{A4F93E70-0000-0000-0000-000000000000}.Debug|x86.ActiveCfg = Debug|Any CPU
		{A4F93E70-0000-0000-0000-000000000000}.Debug|x86.Build.0 = Debug|Any CPU
		{A4F93E70-0000-0000-0000-000000000000}.Release|Any CPU.ActiveCfg = Release|Any CPU
		{A4F93E70-0000-0000-0000-000000000000}.Release|Any CPU.Build.0 = Release|Any CPU
		{A4F93E70-0000-0000-0000-000000000000}.Release|x64.ActiveCfg = Release|Any CPU
		{A4F93E70-0000-0000-0000-000000000000}.Release|x64.Build.0 = Release|Any CPU
		{A4F93E70-0000-0000-0000-000000000000}.Release|x86.ActiveCfg = Release|Any CPU
		{A4F93E70-0000-0000-0000-000000000000}.Release|x86.Build.0 = Release|Any CPU
		{68EDC3BF-0000-0000-0000-000000000000}.Debug|Any CPU.ActiveCfg = Debug|Any CPU
		{68EDC3BF-0000-0000-0000-000000000000}.Debug|Any CPU.Build.0 = Debug|Any CPU
		{68EDC3BF-0000-0000-0000-000000000000}.Debug|x64.ActiveCfg = Debug|Any CPU
		{68EDC3BF-0000-0000-0000-000000000000}.Debug|x64.Build.0 = Debug|Any CPU
		{68EDC3BF-0000-0000-0000-000000000000}.Debug|x86.ActiveCfg = Debug|Any CPU
		{68EDC3BF-0000-0000-0000-000000000000}.Debug|x86.Build.0 = Debug|Any CPU
		{68EDC3BF-0000-0000-0000-000000000000}.Release|Any CPU.ActiveCfg = Release|Any CPU
		{68EDC3BF-0000-0000-0000-000000000000}.Release|Any CPU.Build.0 = Release|Any CPU
		{68EDC3BF-0000-0000-0000-000000000000}.Release|x64.ActiveCfg = Release|Any CPU
		{68EDC3BF-0000-0000-0000-000000000000}.Release|x64.Build.0 = Release|Any CPU
		{68EDC3BF-0000-0000-0000-000000000000}.Release|x86.ActiveCfg = Release|Any CPU
		{68EDC3BF-0000-0000-0000-000000000000}.Release|x86.Build.0 = Release|Any CPU
		{045AF053-0000-0000-0000-000000000000}.Debug|Any CPU.ActiveCfg = Debug|Any CPU
		{045AF053-0000-0000-0000-000000000000}.Debug|Any CPU.Build.0 = Debug|Any CPU
		{045AF053-0000-0000-0000-000000000000}.Debug|x64.ActiveCfg = Debug|Any CPU
		{045AF053-0000-0000-0000-000000000000}.Debug|x64.Build.0 = Debug|Any CPU
		{045AF053-0000-0000-0000-000000000000}.Debug|x86.ActiveCfg = Debug|Any CPU
		{045AF053-0000-0000-0000-000000000000}.Debug|x86.Build.0 = Debug|Any CPU
		{045AF053-0000-0000-0000-000000000000}.Release|Any CPU.ActiveCfg = Release|Any CPU
		{045AF053-0000-0000-0000-000000000000}.Release|Any CPU.Build.0 = Release|Any CPU
		{045AF053-0000-0000-0000-000000000000}.Release|x64.ActiveCfg = Release|Any CPU
		{045AF053-0000-0000-0000-000000000000}.Release|x64.Build.0 = Release|Any CPU
		{045AF053-0000-0000-0000-000000000000}.Release|x86.ActiveCfg = Release|Any CPU
		{045AF053-0000-0000-0000-000000000000}.Release|x86.Build.0 = Release|Any CPU
		{2BF2610C-0000-0000-0000-000000000000}.Debug|Any CPU.ActiveCfg = Debug|Any CPU
		{2BF2610C-0000-0000-0000-000000000000}.Debug|Any CPU.Build.0 = Debug|Any CPU
		{2BF2610C-0000-0000-0000-000000000000}.Debug|x64.ActiveCfg = Debug|Any CPU
		{2BF2610C-0000-0000-0000-000000000000}.Debug|x64.Build.0 = Debug|Any CPU
		{2BF2610C-0000-0000-0000-000000000000}.Debug|x86.ActiveCfg = Debug|Any CPU
		{2BF2610C-0000-0000-0000-000000000000}.Debug|x86.Build.0 = Debug|Any CPU
		{2BF2610C-0000-0000-0000-000000000000}.Release|Any CPU.ActiveCfg = Release|Any CPU
		{2BF2610C-0000-0000-0000-000000000000}.Release|Any CPU.Build.0 = Release|Any CPU
		{2BF2610C-0000-0000-0000-000000000000}.Release|x64.ActiveCfg = Release|Any CPU
		{2BF2610C-0000-0000-0000-000000000000}.Release|x64.Build.0 = Release|Any CPU
		{2BF2610C-0000-0000-0000-000000000000}.Release|x86.ActiveCfg = Release|Any CPU
		{2BF2610C-0000-0000-0000-000000000000}.Release|x86.Build.0 = Release|Any CPU
		{2352BD1E-0000-0000-0000-000000000000}.Debug|Any CPU.ActiveCfg = Debug|Any CPU
		{2352BD1E-0000-0000-0000-000000000000}.Debug|Any CPU.Build.0 = Debug|Any CPU
		{2352BD1E-0000-0000-0000-000000000000}.Debug|x64.ActiveCfg = Debug|Any CPU
		{2352BD1E-0000-0000-0000-000000000000}.Debug|x64.Build.0 = Debug|Any CPU
		{2352BD1E-0000-0000-0000-000000000000}.Debug|x86.ActiveCfg = Debug|Any CPU
		{2352BD1E-0000-0000-0000-000000000000}.Debug|x86.Build.0 = Debug|Any CPU
		{2352BD1E-0000-0000-0000-000000000000}.Release|Any CPU.ActiveCfg = Release|Any CPU
		{2352BD1E-0000-0000-0000-000000000000}.Release|Any CPU.Build.0 = Release|Any CPU
		{2352BD1E-0000-0000-0000-000000000000}.Release|x64.ActiveCfg = Release|Any CPU
		{2352BD1E-0000-0000-0000-000000000000}.Release|x64.Build.0 = Release|Any CPU
		{2352BD1E-0000-0000-0000-000000000000}.Release|x86.ActiveCfg = Release|Any CPU
		{2352BD1E-0000-0000-0000-000000000000}.Release|x86.Build.0 = Release|Any CPU
		{D92F3DCD-0000-0000-0000-000000000000}.Debug|Any CPU.ActiveCfg = Debug|Any CPU
		{D92F3DCD-0000-0000-0000-000000000000}.Debug|Any CPU.Build.0 = Debug|Any CPU
		{D92F3DCD-0000-0000-0000-000000000000}.Debug|x64.ActiveCfg = Debug|Any CPU
		{D92F3DCD-0000-0000-0000-000000000000}.Debug|x64.Build.0 = Debug|Any CPU
		{D92F3DCD-0000-0000-0000-000000000000}.Debug|x86.ActiveCfg = Debug|Any CPU
		{D92F3DCD-0000-0000-0000-000000000000}.Debug|x86.Build.0 = Debug|Any CPU
		{D92F3DCD-0000-0000-0000-000000000000}.Release|Any CPU.ActiveCfg = Release|Any CPU
		{D92F3DCD-0000-0000-0000-000000000000}.Release|Any CPU.Build.0 = Release|Any CPU
		{D92F3DCD-0000-0000-0000-000000000000}.Release|x64.ActiveCfg = Release|Any CPU
		{D92F3DCD-0000-0000-0000-000000000000}.Release|x64.Build.0 = Release|Any CPU
		{D92F3DCD-0000-0000-0000-000000000000}.Release|x86.ActiveCfg = Release|Any CPU
		{D92F3DCD-0000-0000-0000-000000000000}.Release|x86.Build.0 = Release|Any CPU
		{2AA7B591-0000-0000-0000-000000000000}.Debug|Any CPU.ActiveCfg = Debug|Any CPU
		{2AA7B591-0000-0000-0000-000000000000}.Debug|Any CPU.Build.0 = Debug|Any CPU
		{2AA7B591-0000-0000-0000-000000000000}.Debug|x64.ActiveCfg = Debug|Any CPU
		{2AA7B591-0000-0000-0000-000000000000}.Debug|x64.Build.0 = Debug|Any CPU
		{2AA7B591-0000-0000-0000-000000000000}.Debug|x86.ActiveCfg = Debug|Any CPU
		{2AA7B591-0000-0000-0000-000000000000}.Debug|x86.Build.0 = Debug|Any CPU
		{2AA7B591-0000-0000-0000-000000000000}.Release|Any CPU.ActiveCfg = Release|Any CPU
		{2AA7B591-0000-0000-0000-000000000000}.Release|Any CPU.Build.0 = Release|Any CPU
		{2AA7B591-0000-0000-0000-000000000000}.Release|x64.ActiveCfg = Release|Any CPU
		{2AA7B591-0000-0000-0000-000000000000}.Release|x64.Build.0 = Release|Any CPU
		{2AA7B591-0000-0000-0000-000000000000}.Release|x86.ActiveCfg = Release|Any CPU
		{2AA7B591-0000-0000-0000-000000000000}.Release|x86.Build.0 = Release|Any CPU
		{F9F77BA2-0000-0000-0000-000000000000}.Debug|Any CPU.ActiveCfg = Debug|Any CPU
		{F9F77BA2-0000-0000-0000-000000000000}.Debug|Any CPU.Build.0 = Debug|Any CPU
		{F9F77BA2-0000-0000-0000-000000000000}.Debug|x64.ActiveCfg = Debug|Any CPU
		{F9F77BA2-0000-0000-0000-000000000000}.Debug|x64.Build.0 = Debug|Any CPU
		{F9F77BA2-0000-0000-0000-000000000000}.Debug|x86.ActiveCfg = Debug|Any CPU
		{F9F77BA2-0000-0000-0000-000000000000}.Debug|x86.Build.0 = Debug|Any CPU
		{F9F77BA2-0000-0000-0000-000000000000}.Release|Any CPU.ActiveCfg = Release|Any CPU
		{F9F77BA2-0000-0000-0000-000000000000}.Release|Any CPU.Build.0 = Release|Any CPU
		{F9F77BA2-0000-0000-0000-000000000000}.Release|x64.ActiveCfg = Release|Any CPU
		{F9F77BA2-0000-0000-0000-000000000000}.Release|x64.Build.0 = Release|Any CPU
		{F9F77BA2-0000-0000-0000-000000000000}.Release|x86.ActiveCfg = Release|Any CPU
		{F9F77BA2-0000-0000-0000-000000000000}.Release|x86.Build.0 = Release|Any CPU
		{18AD293D-0000-0000-0000-000000000000}.Debug|Any CPU.ActiveCfg = Debug|Any CPU
		{18AD293D-0000-0000-0000-000000000000}.Debug|Any CPU.Build.0 = Debug|Any CPU
		{18AD293D-0000-0000-0000-000000000000}.Debug|x64.ActiveCfg = Debug|Any CPU
		{18AD293D-0000-0000-0000-000000000000}.Debug|x64.Build.0 = Debug|Any CPU
		{18AD293D-0000-0000-0000-000000000000}.Debug|x86.ActiveCfg = Debug|Any CPU
		{18AD293D-0000-0000-0000-000000000000}.Debug|x86.Build.0 = Debug|Any CPU
		{18AD293D-0000-0000-0000-000000000000}.Release|Any CPU.ActiveCfg = Release|Any CPU
		{18AD293D-0000-0000-0000-000000000000}.Release|Any CPU.Build.0 = Release|Any CPU
		{18AD293D-0000-0000-0000-000000000000}.Release|x64.ActiveCfg = Release|Any CPU
		{18AD293D-0000-0000-0000-000000000000}.Release|x64.Build.0 = Release|Any CPU
		{18AD293D-0000-0000-0000-000000000000}.Release|x86.ActiveCfg = Release|Any CPU
		{18AD293D-0000-0000-0000-000000000000}.Release|x86.Build.0 = Release|Any CPU
		{EF060C01-0000-0000-0000-000000000000}.Debug|Any CPU.ActiveCfg = Debug|Any CPU
		{EF060C01-0000-0000-0000-000000000000}.Debug|Any CPU.Build.0 = Debug|Any CPU
		{EF060C01-0000-0000-0000-000000000000}.Debug|x64.ActiveCfg = Debug|Any CPU
		{EF060C01-0000-0000-0000-000000000000}.Debug|x64.Build.0 = Debug|Any CPU
		{EF060C01-0000-0000-0000-000000000000}.Debug|x86.ActiveCfg = Debug|Any CPU
		{EF060C01-0000-0000-0000-000000000000}.Debug|x86.Build.0 = Debug|Any CPU
		{EF060C01-0000-0000-0000-000000000000}.Release|Any CPU.ActiveCfg = Release|Any CPU
		{EF060C01-0000-0000-0000-000000000000}.Release|Any CPU.Build.0 = Release|Any CPU
		{EF060C01-0000-0000-0000-000000000000}.Release|x64.ActiveCfg = Release|Any CPU
		{EF060C01-0000-0000-0000-000000000000}.Release|x64.Build.0 = Release|Any CPU
		{EF060C01-0000-0000-0000-000000000000}.Release|x86.ActiveCfg = Release|Any CPU
		{EF060C01-0000-0000-0000-000000000000}.Release|x86.Build.0 = Release|Any CPU
		{1BD133E6-0000-0000-0000-000000000000}.Debug|Any CPU.ActiveCfg = Debug|Any CPU
		{1BD133E6-0000-0000-0000-000000000000}.Debug|Any CPU.Build.0 = Debug|Any CPU
		{1BD133E6-0000-0000-0000-000000000000}.Debug|x64.ActiveCfg = Debug|Any CPU
		{1BD133E6-0000-0000-0000-000000000000}.Debug|x64.Build.0 = Debug|Any CPU
		{1BD133E6-0000-0000-0000-000000000000}.Debug|x86.ActiveCfg = Debug|Any CPU
		{1BD133E6-0000-0000-0000-000000000000}.Debug|x86.Build.0 = Debug|Any CPU
		{1BD133E6-0000-0000-0000-000000000000}.Release|Any CPU.ActiveCfg = Release|Any CPU
		{1BD133E6-0000-0000-0000-000000000000}.Release|Any CPU.Build.0 = Release|Any CPU
		{1BD133E6-0000-0000-0000-000000000000}.Release|x64.ActiveCfg = Release|Any CPU
		{1BD133E6-0000-0000-0000-000000000000}.Release|x64.Build.0 = Release|Any CPU
		{1BD133E6-0000-0000-0000-000000000000}.Release|x86.ActiveCfg = Release|Any CPU
		{1BD133E6-0000-0000-0000-000000000000}.Release|x86.Build.0 = Release|Any CPU
		{B01B63F8-0000-0000-0000-000000000000}.Debug|Any CPU.ActiveCfg = Debug|Any CPU
		{B01B63F8-0000-0000-0000-000000000000}.Debug|Any CPU.Build.0 = Debug|Any CPU
		{B01B63F8-0000-0000-0000-000000000000}.Debug|x64.ActiveCfg = Debug|Any CPU
		{B01B63F8-0000-0000-0000-000000000000}.Debug|x64.Build.0 = Debug|Any CPU
		{B01B63F8-0000-0000-0000-000000000000}.Debug|x86.ActiveCfg = Debug|Any CPU
		{B01B63F8-0000-0000-0000-000000000000}.Debug|x86.Build.0 = Debug|Any CPU
		{B01B63F8-0000-0000-0000-000000000000}.Release|Any CPU.ActiveCfg = Release|Any CPU
		{B01B63F8-0000-0000-0000-000000000000}.Release|Any CPU.Build.0 = Release|Any CPU
		{B01B63F8-0000-0000-0000-000000000000}.Release|x64.ActiveCfg = Release|Any CPU
		{B01B63F8-0000-0000-0000-000000000000}.Release|x64.Build.0 = Release|Any CPU
		{B01B63F8-0000-0000-0000-000000000000}.Release|x86.ActiveCfg = Release|Any CPU
		{B01B63F8-0000-0000-0000-000000000000}.Release|x86.Build.0 = Release|Any CPU
		{8921FAB0-0000-0000-0000-000000000000}.Debug|Any CPU.ActiveCfg = Debug|Any CPU
		{8921FAB0-0000-0000-0000-000000000000}.Debug|Any CPU.Build.0 = Debug|Any CPU
		{8921FAB0-0000-0000-0000-000000000000}.Debug|x64.ActiveCfg = Debug|Any CPU
		{8921FAB0-0000-0000-0000-000000000000}.Debug|x64.Build.0 = Debug|Any CPU
		{8921FAB0-0000-0000-0000-000000000000}.Debug|x86.ActiveCfg = Debug|Any CPU
		{8921FAB0-0000-0000-0000-000000000000}.Debug|x86.Build.0 = Debug|Any CPU
		{8921FAB0-0000-0000-0000-000000000000}.Release|Any CPU.ActiveCfg = Release|Any CPU
		{8921FAB0-0000-0000-0000-000000000000}.Release|Any CPU.Build.0 = Release|Any CPU
		{8921FAB0-0000-0000-0000-000000000000}.Release|x64.ActiveCfg = Release|Any CPU
		{8921FAB0-0000-0000-0000-000000000000}.Release|x64.Build.0 = Release|Any CPU
		{8921FAB0-0000-0000-0000-000000000000}.Release|x86.ActiveCfg = Release|Any CPU
		{8921FAB0-0000-0000-0000-000000000000}.Release|x86.Build.0 = Release|Any CPU
		{C72401C6-0000-0000-0000-000000000000}.Debug|Any CPU.ActiveCfg = Debug|Any CPU
		{C72401C6-0000-0000-0000-000000000000}.Debug|Any CPU.Build.0 = Debug|Any CPU
		{C72401C6-0000-0000-0000-000000000000}.Debug|x64.ActiveCfg = Debug|Any CPU
		{C72401C6-0000-0000-0000-000000000000}.Debug|x64.Build.0 = Debug|Any CPU
		{C72401C6-0000-0000-0000-000000000000}.Debug|x86.ActiveCfg = Debug|Any CPU
		{C72401C6-0000-0000-0000-000000000000}.Debug|x86.Build.0 = Debug|Any CPU
		{C72401C6-0000-0000-0000-000000000000}.Release|Any CPU.ActiveCfg = Release|Any CPU
		{C72401C6-0000-0000-0000-000000000000}.Release|Any CPU.Build.0 = Release|Any CPU
		{C72401C6-0000-0000-0000-000000000000}.Release|x64.ActiveCfg = Release|Any CPU
		{C72401C6-0000-0000-0000-000000000000}.Release|x64.Build.0 = Release|Any CPU
		{C72401C6-0000-0000-0000-000000000000}.Release|x86.ActiveCfg = Release|Any CPU
		{C72401C6-0000-0000-0000-000000000000}.Release|x86.Build.0 = Release|Any CPU
		{A6CE19A8-0000-0000-0000-000000000000}.Debug|Any CPU.ActiveCfg = Debug|Any CPU
		{A6CE19A8-0000-0000-0000-000000000000}.Debug|Any CPU.Build.0 = Debug|Any CPU
		{A6CE19A8-0000-0000-0000-000000000000}.Debug|x64.ActiveCfg = Debug|Any CPU
		{A6CE19A8-0000-0000-0000-000000000000}.Debug|x64.Build.0 = Debug|Any CPU
		{A6CE19A8-0000-0000-0000-000000000000}.Debug|x86.ActiveCfg = Debug|Any CPU
		{A6CE19A8-0000-0000-0000-000000000000}.Debug|x86.Build.0 = Debug|Any CPU
		{A6CE19A8-0000-0000-0000-000000000000}.Release|Any CPU.ActiveCfg = Release|Any CPU
		{A6CE19A8-0000-0000-0000-000000000000}.Release|Any CPU.Build.0 = Release|Any CPU
		{A6CE19A8-0000-0000-0000-000000000000}.Release|x64.ActiveCfg = Release|Any CPU
		{A6CE19A8-0000-0000-0000-000000000000}.Release|x64.Build.0 = Release|Any CPU
		{A6CE19A8-0000-0000-0000-000000000000}.Release|x86.ActiveCfg = Release|Any CPU
		{A6CE19A8-0000-0000-0000-000000000000}.Release|x86.Build.0 = Release|Any CPU
		{0EDD9660-0000-0000-0000-000000000000}.Debug|Any CPU.ActiveCfg = Debug|Any CPU
		{0EDD9660-0000-0000-0000-000000000000}.Debug|Any CPU.Build.0 = Debug|Any CPU
		{0EDD9660-0000-0000-0000-000000000000}.Debug|x64.ActiveCfg = Debug|Any CPU
		{0EDD9660-0000-0000-0000-000000000000}.Debug|x64.Build.0 = Debug|Any CPU
		{0EDD9660-0000-0000-0000-000000000000}.Debug|x86.ActiveCfg = Debug|Any CPU
		{0EDD9660-0000-0000-0000-000000000000}.Debug|x86.Build.0 = Debug|Any CPU
		{0EDD9660-0000-0000-0000-000000000000}.Release|Any CPU.ActiveCfg = Release|Any CPU
		{0EDD9660-0000-0000-0000-000000000000}.Release|Any CPU.Build.0 = Release|Any CPU
		{0EDD9660-0000-0000-0000-000000000000}.Release|x64.ActiveCfg = Release|Any CPU
		{0EDD9660-0000-0000-0000-000000000000}.Release|x64.Build.0 = Release|Any CPU
		{0EDD9660-0000-0000-0000-000000000000}.Release|x86.ActiveCfg = Release|Any CPU
		{0EDD9660-0000-0000-0000-000000000000}.Release|x86.Build.0 = Release|Any CPU
		{93DAE81B-0000-0000-0000-000000000000}.Debug|Any CPU.ActiveCfg = Debug|Any CPU
		{93DAE81B-0000-0000-0000-000000000000}.Debug|Any CPU.Build.0 = Debug|Any CPU
		{93DAE81B-0000-0000-0000-000000000000}.Debug|x64.ActiveCfg = Debug|Any CPU
		{93DAE81B-0000-0000-0000-000000000000}.Debug|x64.Build.0 = Debug|Any CPU
		{93DAE81B-0000-0000-0000-000000000000}.Debug|x86.ActiveCfg = Debug|Any CPU
		{93DAE81B-0000-0000-0000-000000000000}.Debug|x86.Build.0 = Debug|Any CPU
		{93DAE81B-0000-0000-0000-000000000000}.Release|Any CPU.ActiveCfg = Release|Any CPU
		{93DAE81B-0000-0000-0000-000000000000}.Release|Any CPU.Build.0 = Release|Any CPU
		{93DAE81B-0000-0000-0000-000000000000}.Release|x64.ActiveCfg = Release|Any CPU
		{93DAE81B-0000-0000-0000-000000000000}.Release|x64.Build.0 = Release|Any CPU
		{93DAE81B-0000-0000-0000-000000000000}.Release|x86.ActiveCfg = Release|Any CPU
		{93DAE81B-0000-0000-0000-000000000000}.Release|x86.Build.0 = Release|Any CPU
		{BBDFC332-0000-0000-0000-000000000000}.Debug|Any CPU.ActiveCfg = Debug|Any CPU
		{BBDFC332-0000-0000-0000-000000000000}.Debug|Any CPU.Build.0 = Debug|Any CPU
		{BBDFC332-0000-0000-0000-000000000000}.Debug|x64.ActiveCfg = Debug|Any CPU
		{BBDFC332-0000-0000-0000-000000000000}.Debug|x64.Build.0 = Debug|Any CPU
		{BBDFC332-0000-0000-0000-000000000000}.Debug|x86.ActiveCfg = Debug|Any CPU
		{BBDFC332-0000-0000-0000-000000000000}.Debug|x86.Build.0 = Debug|Any CPU
		{BBDFC332-0000-0000-0000-000000000000}.Release|Any CPU.ActiveCfg = Release|Any CPU
		{BBDFC332-0000-0000-0000-000000000000}.Release|Any CPU.Build.0 = Release|Any CPU
		{BBDFC332-0000-0000-0000-000000000000}.Release|x64.ActiveCfg = Release|Any CPU
		{BBDFC332-0000-0000-0000-000000000000}.Release|x64.Build.0 = Release|Any CPU
		{BBDFC332-0000-0000-0000-000000000000}.Release|x86.ActiveCfg = Release|Any CPU
		{BBDFC332-0000-0000-0000-000000000000}.Release|x86.Build.0 = Release|Any CPU
		{0F9871A5-0000-0000-0000-000000000000}.Debug|Any CPU.ActiveCfg = Debug|Any CPU
		{0F9871A5-0000-0000-0000-000000000000}.Debug|Any CPU.Build.0 = Debug|Any CPU
		{0F9871A5-0000-0000-0000-000000000000}.Debug|x64.ActiveCfg = Debug|Any CPU
		{0F9871A5-0000-0000-0000-000000000000}.Debug|x64.Build.0 = Debug|Any CPU
		{0F9871A5-0000-0000-0000-000000000000}.Debug|x86.ActiveCfg = Debug|Any CPU
		{0F9871A5-0000-0000-0000-000000000000}.Debug|x86.Build.0 = Debug|Any CPU
		{0F9871A5-0000-0000-0000-000000000000}.Release|Any CPU.ActiveCfg = Release|Any CPU
		{0F9871A5-0000-0000-0000-000000000000}.Release|Any CPU.Build.0 = Release|Any CPU
		{0F9871A5-0000-0000-0000-000000000000}.Release|x64.ActiveCfg = Release|Any CPU
		{0F9871A5-0000-0000-0000-000000000000}.Release|x64.Build.0 = Release|Any CPU
		{0F9871A5-0000-0000-0000-000000000000}.Release|x86.ActiveCfg = Release|Any CPU
		{0F9871A5-0000-0000-0000-000000000000}.Release|x86.Build.0 = Release|Any CPU
		{B7D2219F-0000-0000-0000-000000000000}.Debug|Any CPU.ActiveCfg = Debug|Any CPU
		{B7D2219F-0000-0000-0000-000000000000}.Debug|Any CPU.Build.0 = Debug|Any CPU
		{B7D2219F-0000-0000-0000-000000000000}.Debug|x64.ActiveCfg = Debug|Any CPU
		{B7D2219F-0000-0000-0000-000000000000}.Debug|x64.Build.0 = Debug|Any CPU
		{B7D2219F-0000-0000-0000-000000000000}.Debug|x86.ActiveCfg = Debug|Any CPU
		{B7D2219F-0000-0000-0000-000000000000}.Debug|x86.Build.0 = Debug|Any CPU
		{B7D2219F-0000-0000-0000-000000000000}.Release|Any CPU.ActiveCfg = Release|Any CPU
		{B7D2219F-0000-0000-0000-000000000000}.Release|Any CPU.Build.0 = Release|Any CPU
		{B7D2219F-0000-0000-0000-000000000000}.Release|x64.ActiveCfg = Release|Any CPU
		{B7D2219F-0000-0000-0000-000000000000}.Release|x64.Build.0 = Release|Any CPU
		{B7D2219F-0000-0000-0000-000000000000}.Release|x86.ActiveCfg = Release|Any CPU
		{B7D2219F-0000-0000-0000-000000000000}.Release|x86.Build.0 = Release|Any CPU
		{032E2E9F-0000-0000-0000-000000000000}.Debug|Any CPU.ActiveCfg = Debug|Any CPU
		{032E2E9F-0000-0000-0000-000000000000}.Debug|Any CPU.Build.0 = Debug|Any CPU
		{032E2E9F-0000-0000-0000-000000000000}.Debug|x64.ActiveCfg = Debug|Any CPU
		{032E2E9F-0000-0000-0000-000000000000}.Debug|x64.Build.0 = Debug|Any CPU
		{032E2E9F-0000-0000-0000-000000000000}.Debug|x86.ActiveCfg = Debug|Any CPU
		{032E2E9F-0000-0000-0000-000000000000}.Debug|x86.Build.0 = Debug|Any CPU
		{032E2E9F-0000-0000-0000-000000000000}.Release|Any CPU.ActiveCfg = Release|Any CPU
		{032E2E9F-0000-0000-0000-000000000000}.Release|Any CPU.Build.0 = Release|Any CPU
		{032E2E9F-0000-0000-0000-000000000000}.Release|x64.ActiveCfg = Release|Any CPU
		{032E2E9F-0000-0000-0000-000000000000}.Release|x64.Build.0 = Release|Any CPU
		{032E2E9F-0000-0000-0000-000000000000}.Release|x86.ActiveCfg = Release|Any CPU
		{032E2E9F-0000-0000-0000-000000000000}.Release|x86.Build.0 = Release|Any CPU
		{772A2E2D-0000-0000-0000-000000000000}.Debug|Any CPU.ActiveCfg = Debug|Any CPU
		{772A2E2D-0000-0000-0000-000000000000}.Debug|Any CPU.Build.0 = Debug|Any CPU
		{772A2E2D-0000-0000-0000-000000000000}.Debug|x64.ActiveCfg = Debug|Any CPU
		{772A2E2D-0000-0000-0000-000000000000}.Debug|x64.Build.0 = Debug|Any CPU
		{772A2E2D-0000-0000-0000-000000000000}.Debug|x86.ActiveCfg = Debug|Any CPU
		{772A2E2D-0000-0000-0000-000000000000}.Debug|x86.Build.0 = Debug|Any CPU
		{772A2E2D-0000-0000-0000-000000000000}.Release|Any CPU.ActiveCfg = Release|Any CPU
		{772A2E2D-0000-0000-0000-000000000000}.Release|Any CPU.Build.0 = Release|Any CPU
		{772A2E2D-0000-0000-0000-000000000000}.Release|x64.ActiveCfg = Release|Any CPU
		{772A2E2D-0000-0000-0000-000000000000}.Release|x64.Build.0 = Release|Any CPU
		{772A2E2D-0000-0000-0000-000000000000}.Release|x86.ActiveCfg = Release|Any CPU
		{772A2E2D-0000-0000-0000-000000000000}.Release|x86.Build.0 = Release|Any CPU
		{DFC68D75-0000-0000-0000-000000000000}.Debug|Any CPU.ActiveCfg = Debug|Any CPU
		{DFC68D75-0000-0000-0000-000000000000}.Debug|Any CPU.Build.0 = Debug|Any CPU
		{DFC68D75-0000-0000-0000-000000000000}.Debug|x64.ActiveCfg = Debug|Any CPU
		{DFC68D75-0000-0000-0000-000000000000}.Debug|x64.Build.0 = Debug|Any CPU
		{DFC68D75-0000-0000-0000-000000000000}.Debug|x86.ActiveCfg = Debug|Any CPU
		{DFC68D75-0000-0000-0000-000000000000}.Debug|x86.Build.0 = Debug|Any CPU
		{DFC68D75-0000-0000-0000-000000000000}.Release|Any CPU.ActiveCfg = Release|Any CPU
		{DFC68D75-0000-0000-0000-000000000000}.Release|Any CPU.Build.0 = Release|Any CPU
		{DFC68D75-0000-0000-0000-000000000000}.Release|x64.ActiveCfg = Release|Any CPU
		{DFC68D75-0000-0000-0000-000000000000}.Release|x64.Build.0 = Release|Any CPU
		{DFC68D75-0000-0000-0000-000000000000}.Release|x86.ActiveCfg = Release|Any CPU
		{DFC68D75-0000-0000-0000-000000000000}.Release|x86.Build.0 = Release|Any CPU
		{53A42603-0000-0000-0000-000000000000}.Debug|Any CPU.ActiveCfg = Debug|Any CPU
		{53A42603-0000-0000-0000-000000000000}.Debug|Any CPU.Build.0 = Debug|Any CPU
		{53A42603-0000-0000-0000-000000000000}.Debug|x64.ActiveCfg = Debug|Any CPU
		{53A42603-0000-0000-0000-000000000000}.Debug|x64.Build.0 = Debug|Any CPU
		{53A42603-0000-0000-0000-000000000000}.Debug|x86.ActiveCfg = Debug|Any CPU
		{53A42603-0000-0000-0000-000000000000}.Debug|x86.Build.0 = Debug|Any CPU
		{53A42603-0000-0000-0000-000000000000}.Release|Any CPU.ActiveCfg = Release|Any CPU
		{53A42603-0000-0000-0000-000000000000}.Release|Any CPU.Build.0 = Release|Any CPU
		{53A42603-0000-0000-0000-000000000000}.Release|x64.ActiveCfg = Release|Any CPU
		{53A42603-0000-0000-0000-000000000000}.Release|x64.Build.0 = Release|Any CPU
		{53A42603-0000-0000-0000-000000000000}.Release|x86.ActiveCfg = Release|Any CPU
		{53A42603-0000-0000-0000-000000000000}.Release|x86.Build.0 = Release|Any CPU
		{1C7FB451-0000-0000-0000-000000000000}.Debug|Any CPU.ActiveCfg = Debug|Any CPU
		{1C7FB451-0000-0000-0000-000000000000}.Debug|Any CPU.Build.0 = Debug|Any CPU
		{1C7FB451-0000-0000-0000-000000000000}.Debug|x64.ActiveCfg = Debug|Any CPU
		{1C7FB451-0000-0000-0000-000000000000}.Debug|x64.Build.0 = Debug|Any CPU
		{1C7FB451-0000-0000-0000-000000000000}.Debug|x86.ActiveCfg = Debug|Any CPU
		{1C7FB451-0000-0000-0000-000000000000}.Debug|x86.Build.0 = Debug|Any CPU
		{1C7FB451-0000-0000-0000-000000000000}.Release|Any CPU.ActiveCfg = Release|Any CPU
		{1C7FB451-0000-0000-0000-000000000000}.Release|Any CPU.Build.0 = Release|Any CPU
		{1C7FB451-0000-0000-0000-000000000000}.Release|x64.ActiveCfg = Release|Any CPU
		{1C7FB451-0000-0000-0000-000000000000}.Release|x64.Build.0 = Release|Any CPU
		{1C7FB451-0000-0000-0000-000000000000}.Release|x86.ActiveCfg = Release|Any CPU
		{1C7FB451-0000-0000-0000-000000000000}.Release|x86.Build.0 = Release|Any CPU
		{CCB6C0E1-0000-0000-0000-000000000000}.Debug|Any CPU.ActiveCfg = Debug|Any CPU
		{CCB6C0E1-0000-0000-0000-000000000000}.Debug|Any CPU.Build.0 = Debug|Any CPU
		{CCB6C0E1-0000-0000-0000-000000000000}.Debug|x64.ActiveCfg = Debug|Any CPU
		{CCB6C0E1-0000-0000-0000-000000000000}.Debug|x64.Build.0 = Debug|Any CPU
		{CCB6C0E1-0000-0000-0000-000000000000}.Debug|x86.ActiveCfg = Debug|Any CPU
		{CCB6C0E1-0000-0000-0000-000000000000}.Debug|x86.Build.0 = Debug|Any CPU
		{CCB6C0E1-0000-0000-0000-000000000000}.Release|Any CPU.ActiveCfg = Release|Any CPU
		{CCB6C0E1-0000-0000-0000-000000000000}.Release|Any CPU.Build.0 = Release|Any CPU
		{CCB6C0E1-0000-0000-0000-000000000000}.Release|x64.ActiveCfg = Release|Any CPU
		{CCB6C0E1-0000-0000-0000-000000000000}.Release|x64.Build.0 = Release|Any CPU
		{CCB6C0E1-0000-0000-0000-000000000000}.Release|x86.ActiveCfg = Release|Any CPU
		{CCB6C0E1-0000-0000-0000-000000000000}.Release|x86.Build.0 = Release|Any CPU
		{9FE9C594-0000-0000-0000-000000000000}.Debug|Any CPU.ActiveCfg = Debug|Any CPU
		{9FE9C594-0000-0000-0000-000000000000}.Debug|Any CPU.Build.0 = Debug|Any CPU
		{9FE9C594-0000-0000-0000-000000000000}.Debug|x64.ActiveCfg = Debug|Any CPU
		{9FE9C594-0000-0000-0000-000000000000}.Debug|x64.Build.0 = Debug|Any CPU
		{9FE9C594-0000-0000-0000-000000000000}.Debug|x86.ActiveCfg = Debug|Any CPU
		{9FE9C594-0000-0000-0000-000000000000}.Debug|x86.Build.0 = Debug|Any CPU
		{9FE9C594-0000-0000-0000-000000000000}.Release|Any CPU.ActiveCfg = Release|Any CPU
		{9FE9C594-0000-0000-0000-000000000000}.Release|Any CPU.Build.0 = Release|Any CPU
		{9FE9C594-0000-0000-0000-000000000000}.Release|x64.ActiveCfg = Release|Any CPU
		{9FE9C594-0000-0000-0000-000000000000}.Release|x64.Build.0 = Release|Any CPU
		{9FE9C594-0000-0000-0000-000000000000}.Release|x86.ActiveCfg = Release|Any CPU
		{9FE9C594-0000-0000-0000-000000000000}.Release|x86.Build.0 = Release|Any CPU
		{4F493865-0000-0000-0000-000000000000}.Debug|Any CPU.ActiveCfg = Debug|Any CPU
		{4F493865-0000-0000-0000-000000000000}.Debug|Any CPU.Build.0 = Debug|Any CPU
		{4F493865-0000-0000-0000-000000000000}.Debug|x64.ActiveCfg = Debug|Any CPU
		{4F493865-0000-0000-0000-000000000000}.Debug|x64.Build.0 = Debug|Any CPU
		{4F493865-0000-0000-0000-000000000000}.Debug|x86.ActiveCfg = Debug|Any CPU
		{4F493865-0000-0000-0000-000000000000}.Debug|x86.Build.0 = Debug|Any CPU
		{4F493865-0000-0000-0000-000000000000}.Release|Any CPU.ActiveCfg = Release|Any CPU
		{4F493865-0000-0000-0000-000000000000}.Release|Any CPU.Build.0 = Release|Any CPU
		{4F493865-0000-0000-0000-000000000000}.Release|x64.ActiveCfg = Release|Any CPU
		{4F493865-0000-0000-0000-000000000000}.Release|x64.Build.0 = Release|Any CPU
		{4F493865-0000-0000-0000-000000000000}.Release|x86.ActiveCfg = Release|Any CPU
		{4F493865-0000-0000-0000-000000000000}.Release|x86.Build.0 = Release|Any CPU
		{0F2279DD-0000-0000-0000-000000000000}.Debug|Any CPU.ActiveCfg = Debug|Any CPU
		{0F2279DD-0000-0000-0000-000000000000}.Debug|Any CPU.Build.0 = Debug|Any CPU
		{0F2279DD-0000-0000-0000-000000000000}.Debug|x64.ActiveCfg = Debug|Any CPU
		{0F2279DD-0000-0000-0000-000000000000}.Debug|x64.Build.0 = Debug|Any CPU
		{0F2279DD-0000-0000-0000-000000000000}.Debug|x86.ActiveCfg = Debug|Any CPU
		{0F2279DD-0000-0000-0000-000000000000}.Debug|x86.Build.0 = Debug|Any CPU
		{0F2279DD-0000-0000-0000-000000000000}.Release|Any CPU.ActiveCfg = Release|Any CPU
		{0F2279DD-0000-0000-0000-000000000000}.Release|Any CPU.Build.0 = Release|Any CPU
		{0F2279DD-0000-0000-0000-000000000000}.Release|x64.ActiveCfg = Release|Any CPU
		{0F2279DD-0000-0000-0000-000000000000}.Release|x64.Build.0 = Release|Any CPU
		{0F2279DD-0000-0000-0000-000000000000}.Release|x86.ActiveCfg = Release|Any CPU
		{0F2279DD-0000-0000-0000-000000000000}.Release|x86.Build.0 = Release|Any CPU
		{F5051235-0000-0000-0000-000000000000}.Debug|Any CPU.ActiveCfg = Debug|Any CPU
		{F5051235-0000-0000-0000-000000000000}.Debug|Any CPU.Build.0 = Debug|Any CPU
		{F5051235-0000-0000-0000-000000000000}.Debug|x64.ActiveCfg = Debug|Any CPU
		{F5051235-0000-0000-0000-000000000000}.Debug|x64.Build.0 = Debug|Any CPU
		{F5051235-0000-0000-0000-000000000000}.Debug|x86.ActiveCfg = Debug|Any CPU
		{F5051235-0000-0000-0000-000000000000}.Debug|x86.Build.0 = Debug|Any CPU
		{F5051235-0000-0000-0000-000000000000}.Release|Any CPU.ActiveCfg = Release|Any CPU
		{F5051235-0000-0000-0000-000000000000}.Release|Any CPU.Build.0 = Release|Any CPU
		{F5051235-0000-0000-0000-000000000000}.Release|x64.ActiveCfg = Release|Any CPU
		{F5051235-0000-0000-0000-000000000000}.Release|x64.Build.0 = Release|Any CPU
		{F5051235-0000-0000-0000-000000000000}.Release|x86.ActiveCfg = Release|Any CPU
		{F5051235-0000-0000-0000-000000000000}.Release|x86.Build.0 = Release|Any CPU
		{855DD572-0000-0000-0000-000000000000}.Debug|Any CPU.ActiveCfg = Debug|Any CPU
		{855DD572-0000-0000-0000-000000000000}.Debug|Any CPU.Build.0 = Debug|Any CPU
		{855DD572-0000-0000-0000-000000000000}.Debug|x64.ActiveCfg = Debug|Any CPU
		{855DD572-0000-0000-0000-000000000000}.Debug|x64.Build.0 = Debug|Any CPU
		{855DD572-0000-0000-0000-000000000000}.Debug|x86.ActiveCfg = Debug|Any CPU
		{855DD572-0000-0000-0000-000000000000}.Debug|x86.Build.0 = Debug|Any CPU
		{855DD572-0000-0000-0000-000000000000}.Release|Any CPU.ActiveCfg = Release|Any CPU
		{855DD572-0000-0000-0000-000000000000}.Release|Any CPU.Build.0 = Release|Any CPU
		{855DD572-0000-0000-0000-000000000000}.Release|x64.ActiveCfg = Release|Any CPU
		{855DD572-0000-0000-0000-000000000000}.Release|x64.Build.0 = Release|Any CPU
		{855DD572-0000-0000-0000-000000000000}.Release|x86.ActiveCfg = Release|Any CPU
		{855DD572-0000-0000-0000-000000000000}.Release|x86.Build.0 = Release|Any CPU
		{188B67D6-0000-0000-0000-000000000000}.Debug|Any CPU.ActiveCfg = Debug|Any CPU
		{188B67D6-0000-0000-0000-000000000000}.Debug|Any CPU.Build.0 = Debug|Any CPU
		{188B67D6-0000-0000-0000-000000000000}.Debug|x64.ActiveCfg = Debug|Any CPU
		{188B67D6-0000-0000-0000-000000000000}.Debug|x64.Build.0 = Debug|Any CPU
		{188B67D6-0000-0000-0000-000000000000}.Debug|x86.ActiveCfg = Debug|Any CPU
		{188B67D6-0000-0000-0000-000000000000}.Debug|x86.Build.0 = Debug|Any CPU
		{188B67D6-0000-0000-0000-000000000000}.Release|Any CPU.ActiveCfg = Release|Any CPU
		{188B67D6-0000-0000-0000-000000000000}.Release|Any CPU.Build.0 = Release|Any CPU
		{188B67D6-0000-0000-0000-000000000000}.Release|x64.ActiveCfg = Release|Any CPU
		{188B67D6-0000-0000-0000-000000000000}.Release|x64.Build.0 = Release|Any CPU
		{188B67D6-0000-0000-0000-000000000000}.Release|x86.ActiveCfg = Release|Any CPU
		{188B67D6-0000-0000-0000-000000000000}.Release|x86.Build.0 = Release|Any CPU
		{70A693D0-0000-0000-0000-000000000000}.Debug|Any CPU.ActiveCfg = Debug|Any CPU
		{70A693D0-0000-0000-0000-000000000000}.Debug|Any CPU.Build.0 = Debug|Any CPU
		{70A693D0-0000-0000-0000-000000000000}.Debug|x64.ActiveCfg = Debug|Any CPU
		{70A693D0-0000-0000-0000-000000000000}.Debug|x64.Build.0 = Debug|Any CPU
		{70A693D0-0000-0000-0000-000000000000}.Debug|x86.ActiveCfg = Debug|Any CPU
		{70A693D0-0000-0000-0000-000000000000}.Debug|x86.Build.0 = Debug|Any CPU
		{70A693D0-0000-0000-0000-000000000000}.Release|Any CPU.ActiveCfg = Release|Any CPU
		{70A693D0-0000-0000-0000-000000000000}.Release|Any CPU.Build.0 = Release|Any CPU
		{70A693D0-0000-0000-0000-000000000000}.Release|x64.ActiveCfg = Release|Any CPU
		{70A693D0-0000-0000-0000-000000000000}.Release|x64.Build.0 = Release|Any CPU
		{70A693D0-0000-0000-0000-000000000000}.Release|x86.ActiveCfg = Release|Any CPU
		{70A693D0-0000-0000-0000-000000000000}.Release|x86.Build.0 = Release|Any CPU
		{2082E38C-0000-0000-0000-000000000000}.Debug|Any CPU.ActiveCfg = Debug|Any CPU
		{2082E38C-0000-0000-0000-000000000000}.Debug|Any CPU.Build.0 = Debug|Any CPU
		{2082E38C-0000-0000-0000-000000000000}.Debug|x64.ActiveCfg = Debug|Any CPU
		{2082E38C-0000-0000-0000-000000000000}.Debug|x64.Build.0 = Debug|Any CPU
		{2082E38C-0000-0000-0000-000000000000}.Debug|x86.ActiveCfg = Debug|Any CPU
		{2082E38C-0000-0000-0000-000000000000}.Debug|x86.Build.0 = Debug|Any CPU
		{2082E38C-0000-0000-0000-000000000000}.Release|Any CPU.ActiveCfg = Release|Any CPU
		{2082E38C-0000-0000-0000-000000000000}.Release|Any CPU.Build.0 = Release|Any CPU
		{2082E38C-0000-0000-0000-000000000000}.Release|x64.ActiveCfg = Release|Any CPU
		{2082E38C-0000-0000-0000-000000000000}.Release|x64.Build.0 = Release|Any CPU
		{2082E38C-0000-0000-0000-000000000000}.Release|x86.ActiveCfg = Release|Any CPU
		{2082E38C-0000-0000-0000-000000000000}.Release|x86.Build.0 = Release|Any CPU
		{D998D721-0000-0000-0000-000000000000}.Debug|Any CPU.ActiveCfg = Debug|Any CPU
		{D998D721-0000-0000-0000-000000000000}.Debug|Any CPU.Build.0 = Debug|Any CPU
		{D998D721-0000-0000-0000-000000000000}.Debug|x64.ActiveCfg = Debug|Any CPU
		{D998D721-0000-0000-0000-000000000000}.Debug|x64.Build.0 = Debug|Any CPU
		{D998D721-0000-0000-0000-000000000000}.Debug|x86.ActiveCfg = Debug|Any CPU
		{D998D721-0000-0000-0000-000000000000}.Debug|x86.Build.0 = Debug|Any CPU
		{D998D721-0000-0000-0000-000000000000}.Release|Any CPU.ActiveCfg = Release|Any CPU
		{D998D721-0000-0000-0000-000000000000}.Release|Any CPU.Build.0 = Release|Any CPU
		{D998D721-0000-0000-0000-000000000000}.Release|x64.ActiveCfg = Release|Any CPU
		{D998D721-0000-0000-0000-000000000000}.Release|x64.Build.0 = Release|Any CPU
		{D998D721-0000-0000-0000-000000000000}.Release|x86.ActiveCfg = Release|Any CPU
		{D998D721-0000-0000-0000-000000000000}.Release|x86.Build.0 = Release|Any CPU
		{5F4D44C6-0000-0000-0000-000000000000}.Debug|Any CPU.ActiveCfg = Debug|Any CPU
		{5F4D44C6-0000-0000-0000-000000000000}.Debug|Any CPU.Build.0 = Debug|Any CPU
		{5F4D44C6-0000-0000-0000-000000000000}.Debug|x64.ActiveCfg = Debug|Any CPU
		{5F4D44C6-0000-0000-0000-000000000000}.Debug|x64.Build.0 = Debug|Any CPU
		{5F4D44C6-0000-0000-0000-000000000000}.Debug|x86.ActiveCfg = Debug|Any CPU
		{5F4D44C6-0000-0000-0000-000000000000}.Debug|x86.Build.0 = Debug|Any CPU
		{5F4D44C6-0000-0000-0000-000000000000}.Release|Any CPU.ActiveCfg = Release|Any CPU
		{5F4D44C6-0000-0000-0000-000000000000}.Release|Any CPU.Build.0 = Release|Any CPU
		{5F4D44C6-0000-0000-0000-000000000000}.Release|x64.ActiveCfg = Release|Any CPU
		{5F4D44C6-0000-0000-0000-000000000000}.Release|x64.Build.0 = Release|Any CPU
		{5F4D44C6-0000-0000-0000-000000000000}.Release|x86.ActiveCfg = Release|Any CPU
		{5F4D44C6-0000-0000-0000-000000000000}.Release|x86.Build.0 = Release|Any CPU
		{96EA786D-0000-0000-0000-000000000000}.Debug|Any CPU.ActiveCfg = Debug|Any CPU
		{96EA786D-0000-0000-0000-000000000000}.Debug|Any CPU.Build.0 = Debug|Any CPU
		{96EA786D-0000-0000-0000-000000000000}.Debug|x64.ActiveCfg = Debug|Any CPU
		{96EA786D-0000-0000-0000-000000000000}.Debug|x64.Build.0 = Debug|Any CPU
		{96EA786D-0000-0000-0000-000000000000}.Debug|x86.ActiveCfg = Debug|Any CPU
		{96EA786D-0000-0000-0000-000000000000}.Debug|x86.Build.0 = Debug|Any CPU
		{96EA786D-0000-0000-0000-000000000000}.Release|Any CPU.ActiveCfg = Release|Any CPU
		{96EA786D-0000-0000-0000-000000000000}.Release|Any CPU.Build.0 = Release|Any CPU
		{96EA786D-0000-0000-0000-000000000000}.Release|x64.ActiveCfg = Release|Any CPU
		{96EA786D-0000-0000-0000-000000000000}.Release|x64.Build.0 = Release|Any CPU
		{96EA786D-0000-0000-0000-000000000000}.Release|x86.ActiveCfg = Release|Any CPU
		{96EA786D-0000-0000-0000-000000000000}.Release|x86.Build.0 = Release|Any CPU
		{964E13DF-0000-0000-0000-000000000000}.Debug|Any CPU.ActiveCfg = Debug|Any CPU
		{964E13DF-0000-0000-0000-000000000000}.Debug|Any CPU.Build.0 = Debug|Any CPU
		{964E13DF-0000-0000-0000-000000000000}.Debug|x64.ActiveCfg = Debug|Any CPU
		{964E13DF-0000-0000-0000-000000000000}.Debug|x64.Build.0 = Debug|Any CPU
		{964E13DF-0000-0000-0000-000000000000}.Debug|x86.ActiveCfg = Debug|Any CPU
		{964E13DF-0000-0000-0000-000000000000}.Debug|x86.Build.0 = Debug|Any CPU
		{964E13DF-0000-0000-0000-000000000000}.Release|Any CPU.ActiveCfg = Release|Any CPU
		{964E13DF-0000-0000-0000-000000000000}.Release|Any CPU.Build.0 = Release|Any CPU
		{964E13DF-0000-0000-0000-000000000000}.Release|x64.ActiveCfg = Release|Any CPU
		{964E13DF-0000-0000-0000-000000000000}.Release|x64.Build.0 = Release|Any CPU
		{964E13DF-0000-0000-0000-000000000000}.Release|x86.ActiveCfg = Release|Any CPU
		{964E13DF-0000-0000-0000-000000000000}.Release|x86.Build.0 = Release|Any CPU
		{BC3097A1-0000-0000-0000-000000000000}.Debug|Any CPU.ActiveCfg = Debug|Any CPU
		{BC3097A1-0000-0000-0000-000000000000}.Debug|Any CPU.Build.0 = Debug|Any CPU
		{BC3097A1-0000-0000-0000-000000000000}.Debug|x64.ActiveCfg = Debug|Any CPU
		{BC3097A1-0000-0000-0000-000000000000}.Debug|x64.Build.0 = Debug|Any CPU
		{BC3097A1-0000-0000-0000-000000000000}.Debug|x86.ActiveCfg = Debug|Any CPU
		{BC3097A1-0000-0000-0000-000000000000}.Debug|x86.Build.0 = Debug|Any CPU
		{BC3097A1-0000-0000-0000-000000000000}.Release|Any CPU.ActiveCfg = Release|Any CPU
		{BC3097A1-0000-0000-0000-000000000000}.Release|Any CPU.Build.0 = Release|Any CPU
		{BC3097A1-0000-0000-0000-000000000000}.Release|x64.ActiveCfg = Release|Any CPU
		{BC3097A1-0000-0000-0000-000000000000}.Release|x64.Build.0 = Release|Any CPU
		{BC3097A1-0000-0000-0000-000000000000}.Release|x86.ActiveCfg = Release|Any CPU
		{BC3097A1-0000-0000-0000-000000000000}.Release|x86.Build.0 = Release|Any CPU
		{4D6E9C2F-0000-0000-0000-000000000000}.Debug|Any CPU.ActiveCfg = Debug|Any CPU
		{4D6E9C2F-0000-0000-0000-000000000000}.Debug|Any CPU.Build.0 = Debug|Any CPU
		{4D6E9C2F-0000-0000-0000-000000000000}.Debug|x64.ActiveCfg = Debug|Any CPU
		{4D6E9C2F-0000-0000-0000-000000000000}.Debug|x64.Build.0 = Debug|Any CPU
		{4D6E9C2F-0000-0000-0000-000000000000}.Debug|x86.ActiveCfg = Debug|Any CPU
		{4D6E9C2F-0000-0000-0000-000000000000}.Debug|x86.Build.0 = Debug|Any CPU
		{4D6E9C2F-0000-0000-0000-000000000000}.Release|Any CPU.ActiveCfg = Release|Any CPU
		{4D6E9C2F-0000-0000-0000-000000000000}.Release|Any CPU.Build.0 = Release|Any CPU
		{4D6E9C2F-0000-0000-0000-000000000000}.Release|x64.ActiveCfg = Release|Any CPU
		{4D6E9C2F-0000-0000-0000-000000000000}.Release|x64.Build.0 = Release|Any CPU
		{4D6E9C2F-0000-0000-0000-000000000000}.Release|x86.ActiveCfg = Release|Any CPU
		{4D6E9C2F-0000-0000-0000-000000000000}.Release|x86.Build.0 = Release|Any CPU
		{35D2B3DA-0000-0000-0000-000000000000}.Debug|Any CPU.ActiveCfg = Debug|Any CPU
		{35D2B3DA-0000-0000-0000-000000000000}.Debug|Any CPU.Build.0 = Debug|Any CPU
		{35D2B3DA-0000-0000-0000-000000000000}.Debug|x64.ActiveCfg = Debug|Any CPU
		{35D2B3DA-0000-0000-0000-000000000000}.Debug|x64.Build.0 = Debug|Any CPU
		{35D2B3DA-0000-0000-0000-000000000000}.Debug|x86.ActiveCfg = Debug|Any CPU
		{35D2B3DA-0000-0000-0000-000000000000}.Debug|x86.Build.0 = Debug|Any CPU
		{35D2B3DA-0000-0000-0000-000000000000}.Release|Any CPU.ActiveCfg = Release|Any CPU
		{35D2B3DA-0000-0000-0000-000000000000}.Release|Any CPU.Build.0 = Release|Any CPU
		{35D2B3DA-0000-0000-0000-000000000000}.Release|x64.ActiveCfg = Release|Any CPU
		{35D2B3DA-0000-0000-0000-000000000000}.Release|x64.Build.0 = Release|Any CPU
		{35D2B3DA-0000-0000-0000-000000000000}.Release|x86.ActiveCfg = Release|Any CPU
		{35D2B3DA-0000-0000-0000-000000000000}.Release|x86.Build.0 = Release|Any CPU
		{F38156BD-0000-0000-0000-000000000000}.Debug|Any CPU.ActiveCfg = Debug|Any CPU
		{F38156BD-0000-0000-0000-000000000000}.Debug|Any CPU.Build.0 = Debug|Any CPU
		{F38156BD-0000-0000-0000-000000000000}.Debug|x64.ActiveCfg = Debug|Any CPU
		{F38156BD-0000-0000-0000-000000000000}.Debug|x64.Build.0 = Debug|Any CPU
		{F38156BD-0000-0000-0000-000000000000}.Debug|x86.ActiveCfg = Debug|Any CPU
		{F38156BD-0000-0000-0000-000000000000}.Debug|x86.Build.0 = Debug|Any CPU
		{F38156BD-0000-0000-0000-000000000000}.Release|Any CPU.ActiveCfg = Release|Any CPU
		{F38156BD-0000-0000-0000-000000000000}.Release|Any CPU.Build.0 = Release|Any CPU
		{F38156BD-0000-0000-0000-000000000000}.Release|x64.ActiveCfg = Release|Any CPU
		{F38156BD-0000-0000-0000-000000000000}.Release|x64.Build.0 = Release|Any CPU
		{F38156BD-0000-0000-0000-000000000000}.Release|x86.ActiveCfg = Release|Any CPU
		{F38156BD-0000-0000-0000-000000000000}.Release|x86.Build.0 = Release|Any CPU
		{D654FB7F-0000-0000-0000-000000000000}.Debug|Any CPU.ActiveCfg = Debug|Any CPU
		{D654FB7F-0000-0000-0000-000000000000}.Debug|Any CPU.Build.0 = Debug|Any CPU
		{D654FB7F-0000-0000-0000-000000000000}.Debug|x64.ActiveCfg = Debug|Any CPU
		{D654FB7F-0000-0000-0000-000000000000}.Debug|x64.Build.0 = Debug|Any CPU
		{D654FB7F-0000-0000-0000-000000000000}.Debug|x86.ActiveCfg = Debug|Any CPU
		{D654FB7F-0000-0000-0000-000000000000}.Debug|x86.Build.0 = Debug|Any CPU
		{D654FB7F-0000-0000-0000-000000000000}.Release|Any CPU.ActiveCfg = Release|Any CPU
		{D654FB7F-0000-0000-0000-000000000000}.Release|Any CPU.Build.0 = Release|Any CPU
		{D654FB7F-0000-0000-0000-000000000000}.Release|x64.ActiveCfg = Release|Any CPU
		{D654FB7F-0000-0000-0000-000000000000}.Release|x64.Build.0 = Release|Any CPU
		{D654FB7F-0000-0000-0000-000000000000}.Release|x86.ActiveCfg = Release|Any CPU
		{D654FB7F-0000-0000-0000-000000000000}.Release|x86.Build.0 = Release|Any CPU
		{CF0EA859-0000-0000-0000-000000000000}.Debug|Any CPU.ActiveCfg = Debug|Any CPU
		{CF0EA859-0000-0000-0000-000000000000}.Debug|Any CPU.Build.0 = Debug|Any CPU
		{CF0EA859-0000-0000-0000-000000000000}.Debug|x64.ActiveCfg = Debug|Any CPU
		{CF0EA859-0000-0000-0000-000000000000}.Debug|x64.Build.0 = Debug|Any CPU
		{CF0EA859-0000-0000-0000-000000000000}.Debug|x86.ActiveCfg = Debug|Any CPU
		{CF0EA859-0000-0000-0000-000000000000}.Debug|x86.Build.0 = Debug|Any CPU
		{CF0EA859-0000-0000-0000-000000000000}.Release|Any CPU.ActiveCfg = Release|Any CPU
		{CF0EA859-0000-0000-0000-000000000000}.Release|Any CPU.Build.0 = Release|Any CPU
		{CF0EA859-0000-0000-0000-000000000000}.Release|x64.ActiveCfg = Release|Any CPU
		{CF0EA859-0000-0000-0000-000000000000}.Release|x64.Build.0 = Release|Any CPU
		{CF0EA859-0000-0000-0000-000000000000}.Release|x86.ActiveCfg = Release|Any CPU
		{CF0EA859-0000-0000-0000-000000000000}.Release|x86.Build.0 = Release|Any CPU
		{E97301FC-0000-0000-0000-000000000000}.Debug|Any CPU.ActiveCfg = Debug|Any CPU
		{E97301FC-0000-0000-0000-000000000000}.Debug|Any CPU.Build.0 = Debug|Any CPU
		{E97301FC-0000-0000-0000-000000000000}.Debug|x64.ActiveCfg = Debug|Any CPU
		{E97301FC-0000-0000-0000-000000000000}.Debug|x64.Build.0 = Debug|Any CPU
		{E97301FC-0000-0000-0000-000000000000}.Debug|x86.ActiveCfg = Debug|Any CPU
		{E97301FC-0000-0000-0000-000000000000}.Debug|x86.Build.0 = Debug|Any CPU
		{E97301FC-0000-0000-0000-000000000000}.Release|Any CPU.ActiveCfg = Release|Any CPU
		{E97301FC-0000-0000-0000-000000000000}.Release|Any CPU.Build.0 = Release|Any CPU
		{E97301FC-0000-0000-0000-000000000000}.Release|x64.ActiveCfg = Release|Any CPU
		{E97301FC-0000-0000-0000-000000000000}.Release|x64.Build.0 = Release|Any CPU
		{E97301FC-0000-0000-0000-000000000000}.Release|x86.ActiveCfg = Release|Any CPU
		{E97301FC-0000-0000-0000-000000000000}.Release|x86.Build.0 = Release|Any CPU
		{BC7FEA76-0000-0000-0000-000000000000}.Debug|Any CPU.ActiveCfg = Debug|Any CPU
		{BC7FEA76-0000-0000-0000-000000000000}.Debug|Any CPU.Build.0 = Debug|Any CPU
		{BC7FEA76-0000-0000-0000-000000000000}.Debug|x64.ActiveCfg = Debug|Any CPU
		{BC7FEA76-0000-0000-0000-000000000000}.Debug|x64.Build.0 = Debug|Any CPU
		{BC7FEA76-0000-0000-0000-000000000000}.Debug|x86.ActiveCfg = Debug|Any CPU
		{BC7FEA76-0000-0000-0000-000000000000}.Debug|x86.Build.0 = Debug|Any CPU
		{BC7FEA76-0000-0000-0000-000000000000}.Release|Any CPU.ActiveCfg = Release|Any CPU
		{BC7FEA76-0000-0000-0000-000000000000}.Release|Any CPU.Build.0 = Release|Any CPU
		{BC7FEA76-0000-0000-0000-000000000000}.Release|x64.ActiveCfg = Release|Any CPU
		{BC7FEA76-0000-0000-0000-000000000000}.Release|x64.Build.0 = Release|Any CPU
		{BC7FEA76-0000-0000-0000-000000000000}.Release|x86.ActiveCfg = Release|Any CPU
		{BC7FEA76-0000-0000-0000-000000000000}.Release|x86.Build.0 = Release|Any CPU
		{FFFEDE87-0000-0000-0000-000000000000}.Debug|Any CPU.ActiveCfg = Debug|Any CPU
		{FFFEDE87-0000-0000-0000-000000000000}.Debug|Any CPU.Build.0 = Debug|Any CPU
		{FFFEDE87-0000-0000-0000-000000000000}.Debug|x64.ActiveCfg = Debug|Any CPU
		{FFFEDE87-0000-0000-0000-000000000000}.Debug|x64.Build.0 = Debug|Any CPU
		{FFFEDE87-0000-0000-0000-000000000000}.Debug|x86.ActiveCfg = Debug|Any CPU
		{FFFEDE87-0000-0000-0000-000000000000}.Debug|x86.Build.0 = Debug|Any CPU
		{FFFEDE87-0000-0000-0000-000000000000}.Release|Any CPU.ActiveCfg = Release|Any CPU
		{FFFEDE87-0000-0000-0000-000000000000}.Release|Any CPU.Build.0 = Release|Any CPU
		{FFFEDE87-0000-0000-0000-000000000000}.Release|x64.ActiveCfg = Release|Any CPU
		{FFFEDE87-0000-0000-0000-000000000000}.Release|x64.Build.0 = Release|Any CPU
		{FFFEDE87-0000-0000-0000-000000000000}.Release|x86.ActiveCfg = Release|Any CPU
		{FFFEDE87-0000-0000-0000-000000000000}.Release|x86.Build.0 = Release|Any CPU
		{D8EB9A74-0000-0000-0000-000000000000}.Debug|Any CPU.ActiveCfg = Debug|Any CPU
		{D8EB9A74-0000-0000-0000-000000000000}.Debug|Any CPU.Build.0 = Debug|Any CPU
		{D8EB9A74-0000-0000-0000-000000000000}.Debug|x64.ActiveCfg = Debug|Any CPU
		{D8EB9A74-0000-0000-0000-000000000000}.Debug|x64.Build.0 = Debug|Any CPU
		{D8EB9A74-0000-0000-0000-000000000000}.Debug|x86.ActiveCfg = Debug|Any CPU
		{D8EB9A74-0000-0000-0000-000000000000}.Debug|x86.Build.0 = Debug|Any CPU
		{D8EB9A74-0000-0000-0000-000000000000}.Release|Any CPU.ActiveCfg = Release|Any CPU
		{D8EB9A74-0000-0000-0000-000000000000}.Release|Any CPU.Build.0 = Release|Any CPU
		{D8EB9A74-0000-0000-0000-000000000000}.Release|x64.ActiveCfg = Release|Any CPU
		{D8EB9A74-0000-0000-0000-000000000000}.Release|x64.Build.0 = Release|Any CPU
		{D8EB9A74-0000-0000-0000-000000000000}.Release|x86.ActiveCfg = Release|Any CPU
		{D8EB9A74-0000-0000-0000-000000000000}.Release|x86.Build.0 = Release|Any CPU
		{49D679A4-0000-0000-0000-000000000000}.Debug|Any CPU.ActiveCfg = Debug|Any CPU
		{49D679A4-0000-0000-0000-000000000000}.Debug|Any CPU.Build.0 = Debug|Any CPU
		{49D679A4-0000-0000-0000-000000000000}.Debug|x64.ActiveCfg = Debug|Any CPU
		{49D679A4-0000-0000-0000-000000000000}.Debug|x64.Build.0 = Debug|Any CPU
		{49D679A4-0000-0000-0000-000000000000}.Debug|x86.ActiveCfg = Debug|Any CPU
		{49D679A4-0000-0000-0000-000000000000}.Debug|x86.Build.0 = Debug|Any CPU
		{49D679A4-0000-0000-0000-000000000000}.Release|Any CPU.ActiveCfg = Release|Any CPU
		{49D679A4-0000-0000-0000-000000000000}.Release|Any CPU.Build.0 = Release|Any CPU
		{49D679A4-0000-0000-0000-000000000000}.Release|x64.ActiveCfg = Release|Any CPU
		{49D679A4-0000-0000-0000-000000000000}.Release|x64.Build.0 = Release|Any CPU
		{49D679A4-0000-0000-0000-000000000000}.Release|x86.ActiveCfg = Release|Any CPU
		{49D679A4-0000-0000-0000-000000000000}.Release|x86.Build.0 = Release|Any CPU
		{BEB6536E-0000-0000-0000-000000000000}.Debug|Any CPU.ActiveCfg = Debug|Any CPU
		{BEB6536E-0000-0000-0000-000000000000}.Debug|Any CPU.Build.0 = Debug|Any CPU
		{BEB6536E-0000-0000-0000-000000000000}.Debug|x64.ActiveCfg = Debug|Any CPU
		{BEB6536E-0000-0000-0000-000000000000}.Debug|x64.Build.0 = Debug|Any CPU
		{BEB6536E-0000-0000-0000-000000000000}.Debug|x86.ActiveCfg = Debug|Any CPU
		{BEB6536E-0000-0000-0000-000000000000}.Debug|x86.Build.0 = Debug|Any CPU
		{BEB6536E-0000-0000-0000-000000000000}.Release|Any CPU.ActiveCfg = Release|Any CPU
		{BEB6536E-0000-0000-0000-000000000000}.Release|Any CPU.Build.0 = Release|Any CPU
		{BEB6536E-0000-0000-0000-000000000000}.Release|x64.ActiveCfg = Release|Any CPU
		{BEB6536E-0000-0000-0000-000000000000}.Release|x64.Build.0 = Release|Any CPU
		{BEB6536E-0000-0000-0000-000000000000}.Release|x86.ActiveCfg = Release|Any CPU
		{BEB6536E-0000-0000-0000-000000000000}.Release|x86.Build.0 = Release|Any CPU
		{7D0616BA-EE42-4A43-94A5-BB2ABD14D92C}.Debug|Any CPU.ActiveCfg = Debug|Any CPU
		{7D0616BA-EE42-4A43-94A5-BB2ABD14D92C}.Debug|Any CPU.Build.0 = Debug|Any CPU
		{7D0616BA-EE42-4A43-94A5-BB2ABD14D92C}.Debug|x64.ActiveCfg = Debug|Any CPU
		{7D0616BA-EE42-4A43-94A5-BB2ABD14D92C}.Debug|x64.Build.0 = Debug|Any CPU
		{7D0616BA-EE42-4A43-94A5-BB2ABD14D92C}.Debug|x86.ActiveCfg = Debug|Any CPU
		{7D0616BA-EE42-4A43-94A5-BB2ABD14D92C}.Debug|x86.Build.0 = Debug|Any CPU
		{7D0616BA-EE42-4A43-94A5-BB2ABD14D92C}.Release|Any CPU.ActiveCfg = Release|Any CPU
		{7D0616BA-EE42-4A43-94A5-BB2ABD14D92C}.Release|Any CPU.Build.0 = Release|Any CPU
		{7D0616BA-EE42-4A43-94A5-BB2ABD14D92C}.Release|x64.ActiveCfg = Release|Any CPU
		{7D0616BA-EE42-4A43-94A5-BB2ABD14D92C}.Release|x64.Build.0 = Release|Any CPU
		{7D0616BA-EE42-4A43-94A5-BB2ABD14D92C}.Release|x86.ActiveCfg = Release|Any CPU
		{7D0616BA-EE42-4A43-94A5-BB2ABD14D92C}.Release|x86.Build.0 = Release|Any CPU
		{BC22F705-9C13-4E44-AA54-41C6A2EB6B0F}.Debug|Any CPU.ActiveCfg = Debug|Any CPU
		{BC22F705-9C13-4E44-AA54-41C6A2EB6B0F}.Debug|Any CPU.Build.0 = Debug|Any CPU
		{BC22F705-9C13-4E44-AA54-41C6A2EB6B0F}.Debug|x64.ActiveCfg = Debug|Any CPU
		{BC22F705-9C13-4E44-AA54-41C6A2EB6B0F}.Debug|x64.Build.0 = Debug|Any CPU
		{BC22F705-9C13-4E44-AA54-41C6A2EB6B0F}.Debug|x86.ActiveCfg = Debug|Any CPU
		{BC22F705-9C13-4E44-AA54-41C6A2EB6B0F}.Debug|x86.Build.0 = Debug|Any CPU
		{BC22F705-9C13-4E44-AA54-41C6A2EB6B0F}.Release|Any CPU.ActiveCfg = Release|Any CPU
		{BC22F705-9C13-4E44-AA54-41C6A2EB6B0F}.Release|Any CPU.Build.0 = Release|Any CPU
		{BC22F705-9C13-4E44-AA54-41C6A2EB6B0F}.Release|x64.ActiveCfg = Release|Any CPU
		{BC22F705-9C13-4E44-AA54-41C6A2EB6B0F}.Release|x64.Build.0 = Release|Any CPU
		{BC22F705-9C13-4E44-AA54-41C6A2EB6B0F}.Release|x86.ActiveCfg = Release|Any CPU
		{BC22F705-9C13-4E44-AA54-41C6A2EB6B0F}.Release|x86.Build.0 = Release|Any CPU
	EndGlobalSection
	GlobalSection(SolutionProperties) = preSolution
		HideSolutionNode = FALSE
	EndGlobalSection
EndGlobal
